// !$*UTF8*$!
{
	archiveVersion = 1;
	classes = {
	};
	objectVersion = 46;
	objects = {

/* Begin PBXBuildFile section */
		3C408E782B52940C4514A789 /* Pods_TodayExtension.framework in Frameworks */ = {isa = PBXBuildFile; fileRef = 2C39E1D76090317C3BA6458A /* Pods_TodayExtension.framework */; };
		9FBC2BFDA6F88EF18EE9E721 /* Pods_MemoFoundation.framework in Frameworks */ = {isa = PBXBuildFile; fileRef = F289C48DD5A204C0F7909681 /* Pods_MemoFoundation.framework */; };
		AECB2C49392A653324EBBEF5 /* Pods_ShareExtension.framework in Frameworks */ = {isa = PBXBuildFile; fileRef = 6A523505A834CE3EAD183B8D /* Pods_ShareExtension.framework */; };
		B50F937E1D8A396800742FA0 /* Assets.xcassets in Resources */ = {isa = PBXBuildFile; fileRef = B50F937D1D8A396800742FA0 /* Assets.xcassets */; };
		B50F93811D8A396800742FA0 /* LaunchScreen.storyboard in Resources */ = {isa = PBXBuildFile; fileRef = B50F937F1D8A396800742FA0 /* LaunchScreen.storyboard */; };
		B50F938C1D8A396800742FA0 /* MemoTests.swift in Sources */ = {isa = PBXBuildFile; fileRef = B50F938B1D8A396800742FA0 /* MemoTests.swift */; };
		B50F93971D8A396800742FA0 /* MemoUITests.swift in Sources */ = {isa = PBXBuildFile; fileRef = B50F93961D8A396800742FA0 /* MemoUITests.swift */; };
		B50F93A91D8A3A1500742FA0 /* AppDelegate.swift in Sources */ = {isa = PBXBuildFile; fileRef = B50F93A81D8A3A1500742FA0 /* AppDelegate.swift */; };
		B52192EB1D9210510024271E /* ShareViewController.swift in Sources */ = {isa = PBXBuildFile; fileRef = B52192EA1D9210510024271E /* ShareViewController.swift */; };
		B560FF4A1D90B0F700AC6AF0 /* MainInterface.storyboard in Resources */ = {isa = PBXBuildFile; fileRef = B560FF481D90B0F700AC6AF0 /* MainInterface.storyboard */; };
		B560FF4E1D90B0F700AC6AF0 /* ShareExtension.appex in Embed App Extensions */ = {isa = PBXBuildFile; fileRef = B560FF441D90B0F700AC6AF0 /* ShareExtension.appex */; settings = {ATTRIBUTES = (RemoveHeadersOnCopy, ); }; };
		B58BC02D1D9A080800F857BD /* Configs.swift in Sources */ = {isa = PBXBuildFile; fileRef = B58BC02C1D9A080800F857BD /* Configs.swift */; };
		B58BC0531D9A0A8D00F857BD /* MemoFoundation.h in Headers */ = {isa = PBXBuildFile; fileRef = B58BC0521D9A0A8D00F857BD /* MemoFoundation.h */; settings = {ATTRIBUTES = (Public, ); }; };
		B58BC0571D9A0A8D00F857BD /* MemoFoundation.framework in Frameworks */ = {isa = PBXBuildFile; fileRef = B58BC0501D9A0A8D00F857BD /* MemoFoundation.framework */; };
		B58BC0581D9A0A8D00F857BD /* MemoFoundation.framework in Embed Frameworks */ = {isa = PBXBuildFile; fileRef = B58BC0501D9A0A8D00F857BD /* MemoFoundation.framework */; settings = {ATTRIBUTES = (CodeSignOnCopy, RemoveHeadersOnCopy, ); }; };
		B58BC0A91D9A0E5C00F857BD /* Array+Stec.swift in Sources */ = {isa = PBXBuildFile; fileRef = B58BC0921D9A0E5C00F857BD /* Array+Stec.swift */; };
		B58BC0AA1D9A0E5C00F857BD /* CALayer+Stec.swift in Sources */ = {isa = PBXBuildFile; fileRef = B58BC0931D9A0E5C00F857BD /* CALayer+Stec.swift */; };
		B58BC0AB1D9A0E5C00F857BD /* CGFloat+Stec.swift in Sources */ = {isa = PBXBuildFile; fileRef = B58BC0941D9A0E5C00F857BD /* CGFloat+Stec.swift */; };
		B58BC0AC1D9A0E5C00F857BD /* Int64+Stec.swift in Sources */ = {isa = PBXBuildFile; fileRef = B58BC0951D9A0E5C00F857BD /* Int64+Stec.swift */; };
		B58BC0AD1D9A0E5C00F857BD /* NSDate+Stec.swift in Sources */ = {isa = PBXBuildFile; fileRef = B58BC0961D9A0E5C00F857BD /* NSDate+Stec.swift */; };
		B58BC0AE1D9A0E5C00F857BD /* NSObject+Stec.swift in Sources */ = {isa = PBXBuildFile; fileRef = B58BC0971D9A0E5C00F857BD /* NSObject+Stec.swift */; };
		B58BC0AF1D9A0E5C00F857BD /* String+FileExtension.swift in Sources */ = {isa = PBXBuildFile; fileRef = B58BC0981D9A0E5C00F857BD /* String+FileExtension.swift */; };
		B58BC0B01D9A0E5C00F857BD /* String+Smart.swift in Sources */ = {isa = PBXBuildFile; fileRef = B58BC0991D9A0E5C00F857BD /* String+Smart.swift */; };
		B58BC0B11D9A0E5C00F857BD /* String+Stec.swift in Sources */ = {isa = PBXBuildFile; fileRef = B58BC09A1D9A0E5C00F857BD /* String+Stec.swift */; };
		B58BC0B21D9A0E5C00F857BD /* String+Value.swift in Sources */ = {isa = PBXBuildFile; fileRef = B58BC09B1D9A0E5C00F857BD /* String+Value.swift */; };
		B58BC0B31D9A0E5C00F857BD /* UIButton+Smart.swift in Sources */ = {isa = PBXBuildFile; fileRef = B58BC09C1D9A0E5C00F857BD /* UIButton+Smart.swift */; };
		B58BC0B41D9A0E5C00F857BD /* UICollectionView+Stec.swift in Sources */ = {isa = PBXBuildFile; fileRef = B58BC09D1D9A0E5C00F857BD /* UICollectionView+Stec.swift */; };
		B58BC0B51D9A0E5C00F857BD /* UIColor+Smart.swift in Sources */ = {isa = PBXBuildFile; fileRef = B58BC09E1D9A0E5C00F857BD /* UIColor+Smart.swift */; };
		B58BC0B61D9A0E5C00F857BD /* UIImage+Stec.swift in Sources */ = {isa = PBXBuildFile; fileRef = B58BC09F1D9A0E5C00F857BD /* UIImage+Stec.swift */; };
		B58BC0B71D9A0E5C00F857BD /* UIImageView+Stec.swift in Sources */ = {isa = PBXBuildFile; fileRef = B58BC0A01D9A0E5C00F857BD /* UIImageView+Stec.swift */; };
		B58BC0B81D9A0E5C00F857BD /* UILabel+Stec.swift in Sources */ = {isa = PBXBuildFile; fileRef = B58BC0A11D9A0E5C00F857BD /* UILabel+Stec.swift */; };
		B58BC0B91D9A0E5C00F857BD /* UINavigationBar+Stec.swift in Sources */ = {isa = PBXBuildFile; fileRef = B58BC0A21D9A0E5C00F857BD /* UINavigationBar+Stec.swift */; };
		B58BC0BA1D9A0E5C00F857BD /* UIScrollView+Stec.swift in Sources */ = {isa = PBXBuildFile; fileRef = B58BC0A31D9A0E5C00F857BD /* UIScrollView+Stec.swift */; };
		B58BC0BB1D9A0E5C00F857BD /* UITabBar+Stec.swift in Sources */ = {isa = PBXBuildFile; fileRef = B58BC0A41D9A0E5C00F857BD /* UITabBar+Stec.swift */; };
		B58BC0BC1D9A0E5C00F857BD /* UITableView+Smart.swift in Sources */ = {isa = PBXBuildFile; fileRef = B58BC0A51D9A0E5C00F857BD /* UITableView+Smart.swift */; };
		B58BC0BD1D9A0E5C00F857BD /* UIView+Smart.swift in Sources */ = {isa = PBXBuildFile; fileRef = B58BC0A61D9A0E5C00F857BD /* UIView+Smart.swift */; };
		B58BC0BE1D9A0E5C00F857BD /* UIView+Stec.swift in Sources */ = {isa = PBXBuildFile; fileRef = B58BC0A71D9A0E5C00F857BD /* UIView+Stec.swift */; };
		B58BC0BF1D9A0E5C00F857BD /* UIViewcontroller+Stec.swift in Sources */ = {isa = PBXBuildFile; fileRef = B58BC0A81D9A0E5C00F857BD /* UIViewcontroller+Stec.swift */; };
		B58BC0C01D9A0E8600F857BD /* Array+Stec.swift in Sources */ = {isa = PBXBuildFile; fileRef = B58BC0921D9A0E5C00F857BD /* Array+Stec.swift */; };
		B58BC0C11D9A0E8C00F857BD /* Array+Stec.swift in Sources */ = {isa = PBXBuildFile; fileRef = B58BC0921D9A0E5C00F857BD /* Array+Stec.swift */; };
		B5A080E71D934F9F00DDA164 /* Models.swift in Sources */ = {isa = PBXBuildFile; fileRef = B5EFB8AE1D8AEDBE00BF1F9B /* Models.swift */; };
		B5A080EA1D934FF200DDA164 /* DataTools.swift in Sources */ = {isa = PBXBuildFile; fileRef = B5A080E91D934FF200DDA164 /* DataTools.swift */; };
		B5A080EB1D93525A00DDA164 /* DataTools.swift in Sources */ = {isa = PBXBuildFile; fileRef = B5A080E91D934FF200DDA164 /* DataTools.swift */; };
		B5A080ED1D93529A00DDA164 /* Bootstrap.swift in Sources */ = {isa = PBXBuildFile; fileRef = B5D70EFE1D8BD46B00EEE0F9 /* Bootstrap.swift */; };
		B5A080EE1D935C0F00DDA164 /* ModesBridge.swift in Sources */ = {isa = PBXBuildFile; fileRef = B5DD5C051D92B56A00148E4D /* ModesBridge.swift */; };
		B5A080EF1D935C1A00DDA164 /* ModesBridge.swift in Sources */ = {isa = PBXBuildFile; fileRef = B5DD5C051D92B56A00148E4D /* ModesBridge.swift */; };
		B5A0810C1D9367ED00DDA164 /* NotificationCenter.framework in Frameworks */ = {isa = PBXBuildFile; fileRef = B5A0810B1D9367ED00DDA164 /* NotificationCenter.framework */; };
		B5A0810F1D9367ED00DDA164 /* TodayViewController.swift in Sources */ = {isa = PBXBuildFile; fileRef = B5A0810E1D9367ED00DDA164 /* TodayViewController.swift */; };
		B5A081121D9367ED00DDA164 /* MainInterface.storyboard in Resources */ = {isa = PBXBuildFile; fileRef = B5A081101D9367ED00DDA164 /* MainInterface.storyboard */; };
		B5A081161D9367ED00DDA164 /* TodayExtension.appex in Embed App Extensions */ = {isa = PBXBuildFile; fileRef = B5A0810A1D9367ED00DDA164 /* TodayExtension.appex */; settings = {ATTRIBUTES = (RemoveHeadersOnCopy, ); }; };
		B5A0811B1D9369D900DDA164 /* DataTools.swift in Sources */ = {isa = PBXBuildFile; fileRef = B5A080E91D934FF200DDA164 /* DataTools.swift */; };
		B5A0811C1D9369D900DDA164 /* Bootstrap.swift in Sources */ = {isa = PBXBuildFile; fileRef = B5D70EFE1D8BD46B00EEE0F9 /* Bootstrap.swift */; };
		B5A0811D1D9369E900DDA164 /* Models.swift in Sources */ = {isa = PBXBuildFile; fileRef = B5EFB8AE1D8AEDBE00BF1F9B /* Models.swift */; };
		B5A0811E1D936ACE00DDA164 /* ModesBridge.swift in Sources */ = {isa = PBXBuildFile; fileRef = B5DD5C051D92B56A00148E4D /* ModesBridge.swift */; };
		B5BB98581D8D7180005DF013 /* RNHelper.swift in Sources */ = {isa = PBXBuildFile; fileRef = B5BB98571D8D7180005DF013 /* RNHelper.swift */; };
		B5BB985B1D8D71AD005DF013 /* RNInterface.m in Sources */ = {isa = PBXBuildFile; fileRef = B5BB985A1D8D71AD005DF013 /* RNInterface.m */; };
		B5BB98621D8D8EC9005DF013 /* assets in Resources */ = {isa = PBXBuildFile; fileRef = B5BB98601D8D8EC9005DF013 /* assets */; };
		B5BB98631D8D8EC9005DF013 /* main.jsbundle in Resources */ = {isa = PBXBuildFile; fileRef = B5BB98611D8D8EC9005DF013 /* main.jsbundle */; };
		B5D70EFF1D8BD46B00EEE0F9 /* Bootstrap.swift in Sources */ = {isa = PBXBuildFile; fileRef = B5D70EFE1D8BD46B00EEE0F9 /* Bootstrap.swift */; };
		B5D71C9C1D92E49C005BB4D6 /* Assets.xcassets in Resources */ = {isa = PBXBuildFile; fileRef = B50F937D1D8A396800742FA0 /* Assets.xcassets */; };
		B5EFB83D1D8A415900BF1F9B /* BaseViewController.swift in Sources */ = {isa = PBXBuildFile; fileRef = B5EFB83A1D8A415900BF1F9B /* BaseViewController.swift */; };
		B5EFB83F1D8A416A00BF1F9B /* AttributeStringMaker.swift in Sources */ = {isa = PBXBuildFile; fileRef = B5EFB83E1D8A416A00BF1F9B /* AttributeStringMaker.swift */; };
		B5EFB8781D8A448A00BF1F9B /* KeyboardMan.swift in Sources */ = {isa = PBXBuildFile; fileRef = B5EFB8771D8A448A00BF1F9B /* KeyboardMan.swift */; };
		B5EFB87A1D8A44A000BF1F9B /* Async.swift in Sources */ = {isa = PBXBuildFile; fileRef = B5EFB8791D8A44A000BF1F9B /* Async.swift */; };
		B5EFB87C1D8A44B700BF1F9B /* Reachability.swift in Sources */ = {isa = PBXBuildFile; fileRef = B5EFB87B1D8A44B700BF1F9B /* Reachability.swift */; };
		B5EFB88A1D8A476B00BF1F9B /* SmartTask.swift in Sources */ = {isa = PBXBuildFile; fileRef = B5EFB8891D8A476B00BF1F9B /* SmartTask.swift */; };
		B5EFB8901D8A486C00BF1F9B /* GroupListViewController.swift in Sources */ = {isa = PBXBuildFile; fileRef = B5EFB88D1D8A486C00BF1F9B /* GroupListViewController.swift */; };
		B5EFB8911D8A486C00BF1F9B /* KnowlageDetailViewController.swift in Sources */ = {isa = PBXBuildFile; fileRef = B5EFB88E1D8A486C00BF1F9B /* KnowlageDetailViewController.swift */; };
		B5EFB8921D8A486C00BF1F9B /* KnowlageListViewController.swift in Sources */ = {isa = PBXBuildFile; fileRef = B5EFB88F1D8A486C00BF1F9B /* KnowlageListViewController.swift */; };
		B5EFB8941D8A491300BF1F9B /* BaseNavigationController.swift in Sources */ = {isa = PBXBuildFile; fileRef = B5EFB8931D8A491300BF1F9B /* BaseNavigationController.swift */; };
		B5EFB89E1D8A4C1100BF1F9B /* BasicCollectionCell.swift in Sources */ = {isa = PBXBuildFile; fileRef = B5EFB8981D8A4C1100BF1F9B /* BasicCollectionCell.swift */; };
		B5EFB8A81D8A702800BF1F9B /* CustomTableCells.swift in Sources */ = {isa = PBXBuildFile; fileRef = B5EFB8A71D8A702800BF1F9B /* CustomTableCells.swift */; };
		B5EFB8AC1D8A7AC100BF1F9B /* SimpleCustomViews.swift in Sources */ = {isa = PBXBuildFile; fileRef = B5EFB8AB1D8A7AC100BF1F9B /* SimpleCustomViews.swift */; };
		B5EFB8AF1D8AEDBE00BF1F9B /* Models.swift in Sources */ = {isa = PBXBuildFile; fileRef = B5EFB8AE1D8AEDBE00BF1F9B /* Models.swift */; };
		B5F6D6491D8FB70F0063DCF5 /* UncaughtExceptionHandler.m in Sources */ = {isa = PBXBuildFile; fileRef = B5F6D6481D8FB70F0063DCF5 /* UncaughtExceptionHandler.m */; };
		DE41A8CCED0CDA5A992FC9F0 /* Pods_Memo.framework in Frameworks */ = {isa = PBXBuildFile; fileRef = BD6D567EF83A596F90A19BEF /* Pods_Memo.framework */; };
/* End PBXBuildFile section */

/* Begin PBXContainerItemProxy section */
		B50F93881D8A396800742FA0 /* PBXContainerItemProxy */ = {
			isa = PBXContainerItemProxy;
			containerPortal = B50F936B1D8A396800742FA0 /* Project object */;
			proxyType = 1;
			remoteGlobalIDString = B50F93721D8A396800742FA0;
			remoteInfo = Memo;
		};
		B50F93931D8A396800742FA0 /* PBXContainerItemProxy */ = {
			isa = PBXContainerItemProxy;
			containerPortal = B50F936B1D8A396800742FA0 /* Project object */;
			proxyType = 1;
			remoteGlobalIDString = B50F93721D8A396800742FA0;
			remoteInfo = Memo;
		};
		B560FF4C1D90B0F700AC6AF0 /* PBXContainerItemProxy */ = {
			isa = PBXContainerItemProxy;
			containerPortal = B50F936B1D8A396800742FA0 /* Project object */;
			proxyType = 1;
			remoteGlobalIDString = B560FF431D90B0F700AC6AF0;
			remoteInfo = ShareExtension;
		};
		B58BC0551D9A0A8D00F857BD /* PBXContainerItemProxy */ = {
			isa = PBXContainerItemProxy;
			containerPortal = B50F936B1D8A396800742FA0 /* Project object */;
			proxyType = 1;
			remoteGlobalIDString = B58BC04F1D9A0A8D00F857BD;
			remoteInfo = MemoFoundation;
		};
		B58BC05C1D9A0AA700F857BD /* PBXContainerItemProxy */ = {
			isa = PBXContainerItemProxy;
			containerPortal = B50F936B1D8A396800742FA0 /* Project object */;
			proxyType = 1;
			remoteGlobalIDString = B58BC04F1D9A0A8D00F857BD;
			remoteInfo = MemoFoundation;
		};
		B58BC05E1D9A0AD700F857BD /* PBXContainerItemProxy */ = {
			isa = PBXContainerItemProxy;
			containerPortal = B50F936B1D8A396800742FA0 /* Project object */;
			proxyType = 1;
			remoteGlobalIDString = B58BC04F1D9A0A8D00F857BD;
			remoteInfo = MemoFoundation;
		};
		B5A081141D9367ED00DDA164 /* PBXContainerItemProxy */ = {
			isa = PBXContainerItemProxy;
			containerPortal = B50F936B1D8A396800742FA0 /* Project object */;
			proxyType = 1;
			remoteGlobalIDString = B5A081091D9367ED00DDA164;
			remoteInfo = TodayExtension;
		};
/* End PBXContainerItemProxy section */

/* Begin PBXCopyFilesBuildPhase section */
		B560FF521D90B0F700AC6AF0 /* Embed App Extensions */ = {
			isa = PBXCopyFilesBuildPhase;
			buildActionMask = 2147483647;
			dstPath = "";
			dstSubfolderSpec = 13;
			files = (
				B5A081161D9367ED00DDA164 /* TodayExtension.appex in Embed App Extensions */,
				B560FF4E1D90B0F700AC6AF0 /* ShareExtension.appex in Embed App Extensions */,
			);
			name = "Embed App Extensions";
			runOnlyForDeploymentPostprocessing = 0;
		};
		B5A081321D936D8C00DDA164 /* Embed Frameworks */ = {
			isa = PBXCopyFilesBuildPhase;
			buildActionMask = 2147483647;
			dstPath = "";
			dstSubfolderSpec = 10;
			files = (
				B58BC0581D9A0A8D00F857BD /* MemoFoundation.framework in Embed Frameworks */,
			);
			name = "Embed Frameworks";
			runOnlyForDeploymentPostprocessing = 0;
		};
/* End PBXCopyFilesBuildPhase section */

/* Begin PBXFileReference section */
		07B9F9578485EA692D685DF6 /* Pods-Memo.release.xcconfig */ = {isa = PBXFileReference; includeInIndex = 1; lastKnownFileType = text.xcconfig; name = "Pods-Memo.release.xcconfig"; path = "Pods/Target Support Files/Pods-Memo/Pods-Memo.release.xcconfig"; sourceTree = "<group>"; };
		0C9576ADFE9A6BC91629FDF1 /* Pods_TodayExtension.framework */ = {isa = PBXFileReference; explicitFileType = wrapper.framework; includeInIndex = 0; path = Pods_TodayExtension.framework; sourceTree = BUILT_PRODUCTS_DIR; };
		1393E4832991D14A1533D08D /* Pods-ShareExtension.release.xcconfig */ = {isa = PBXFileReference; includeInIndex = 1; lastKnownFileType = text.xcconfig; name = "Pods-ShareExtension.release.xcconfig"; path = "Pods/Target Support Files/Pods-ShareExtension/Pods-ShareExtension.release.xcconfig"; sourceTree = "<group>"; };
		2C39E1D76090317C3BA6458A /* Pods_TodayExtension.framework */ = {isa = PBXFileReference; explicitFileType = wrapper.framework; includeInIndex = 0; path = Pods_TodayExtension.framework; sourceTree = BUILT_PRODUCTS_DIR; };
		442AF7693E63CCB73DF184AF /* Pods-MemoFoundation.debug.xcconfig */ = {isa = PBXFileReference; includeInIndex = 1; lastKnownFileType = text.xcconfig; name = "Pods-MemoFoundation.debug.xcconfig"; path = "Pods/Target Support Files/Pods-MemoFoundation/Pods-MemoFoundation.debug.xcconfig"; sourceTree = "<group>"; };
		518564AC93CCCE3DA5B1B37E /* Pods_ShareExtension.framework */ = {isa = PBXFileReference; explicitFileType = wrapper.framework; includeInIndex = 0; path = Pods_ShareExtension.framework; sourceTree = BUILT_PRODUCTS_DIR; };
		6A523505A834CE3EAD183B8D /* Pods_ShareExtension.framework */ = {isa = PBXFileReference; explicitFileType = wrapper.framework; includeInIndex = 0; path = Pods_ShareExtension.framework; sourceTree = BUILT_PRODUCTS_DIR; };
		933C3F0F0711832F8191AC7B /* Pods-ShareExtension.debug.xcconfig */ = {isa = PBXFileReference; includeInIndex = 1; lastKnownFileType = text.xcconfig; name = "Pods-ShareExtension.debug.xcconfig"; path = "Pods/Target Support Files/Pods-ShareExtension/Pods-ShareExtension.debug.xcconfig"; sourceTree = "<group>"; };
		9BD6E1A620F80BF6D2EA0D41 /* Pods-MemoFoundation.release.xcconfig */ = {isa = PBXFileReference; includeInIndex = 1; lastKnownFileType = text.xcconfig; name = "Pods-MemoFoundation.release.xcconfig"; path = "Pods/Target Support Files/Pods-MemoFoundation/Pods-MemoFoundation.release.xcconfig"; sourceTree = "<group>"; };
		B50F93731D8A396800742FA0 /* Memo.app */ = {isa = PBXFileReference; explicitFileType = wrapper.application; includeInIndex = 0; path = Memo.app; sourceTree = BUILT_PRODUCTS_DIR; };
		B50F937D1D8A396800742FA0 /* Assets.xcassets */ = {isa = PBXFileReference; lastKnownFileType = folder.assetcatalog; path = Assets.xcassets; sourceTree = "<group>"; };
		B50F93801D8A396800742FA0 /* Base */ = {isa = PBXFileReference; lastKnownFileType = file.storyboard; name = Base; path = Base.lproj/LaunchScreen.storyboard; sourceTree = "<group>"; };
		B50F93821D8A396800742FA0 /* Info.plist */ = {isa = PBXFileReference; lastKnownFileType = text.plist.xml; path = Info.plist; sourceTree = "<group>"; };
		B50F93871D8A396800742FA0 /* MemoTests.xctest */ = {isa = PBXFileReference; explicitFileType = wrapper.cfbundle; includeInIndex = 0; path = MemoTests.xctest; sourceTree = BUILT_PRODUCTS_DIR; };
		B50F938B1D8A396800742FA0 /* MemoTests.swift */ = {isa = PBXFileReference; lastKnownFileType = sourcecode.swift; path = MemoTests.swift; sourceTree = "<group>"; };
		B50F938D1D8A396800742FA0 /* Info.plist */ = {isa = PBXFileReference; lastKnownFileType = text.plist.xml; path = Info.plist; sourceTree = "<group>"; };
		B50F93921D8A396800742FA0 /* MemoUITests.xctest */ = {isa = PBXFileReference; explicitFileType = wrapper.cfbundle; includeInIndex = 0; path = MemoUITests.xctest; sourceTree = BUILT_PRODUCTS_DIR; };
		B50F93961D8A396800742FA0 /* MemoUITests.swift */ = {isa = PBXFileReference; lastKnownFileType = sourcecode.swift; path = MemoUITests.swift; sourceTree = "<group>"; };
		B50F93981D8A396800742FA0 /* Info.plist */ = {isa = PBXFileReference; lastKnownFileType = text.plist.xml; path = Info.plist; sourceTree = "<group>"; };
		B50F93A81D8A3A1500742FA0 /* AppDelegate.swift */ = {isa = PBXFileReference; fileEncoding = 4; lastKnownFileType = sourcecode.swift; path = AppDelegate.swift; sourceTree = "<group>"; };
		B52192EA1D9210510024271E /* ShareViewController.swift */ = {isa = PBXFileReference; fileEncoding = 4; lastKnownFileType = sourcecode.swift; path = ShareViewController.swift; sourceTree = "<group>"; };
		B53D945A8FC09B19633F8121 /* Pods-Memo.debug.xcconfig */ = {isa = PBXFileReference; includeInIndex = 1; lastKnownFileType = text.xcconfig; name = "Pods-Memo.debug.xcconfig"; path = "Pods/Target Support Files/Pods-Memo/Pods-Memo.debug.xcconfig"; sourceTree = "<group>"; };
		B560FF441D90B0F700AC6AF0 /* ShareExtension.appex */ = {isa = PBXFileReference; explicitFileType = "wrapper.app-extension"; includeInIndex = 0; path = ShareExtension.appex; sourceTree = BUILT_PRODUCTS_DIR; };
		B560FF461D90B0F700AC6AF0 /* TestShareVC.swift */ = {isa = PBXFileReference; lastKnownFileType = sourcecode.swift; path = TestShareVC.swift; sourceTree = "<group>"; };
		B560FF491D90B0F700AC6AF0 /* Base */ = {isa = PBXFileReference; lastKnownFileType = file.storyboard; name = Base; path = Base.lproj/MainInterface.storyboard; sourceTree = "<group>"; };
		B560FF4B1D90B0F700AC6AF0 /* Info.plist */ = {isa = PBXFileReference; lastKnownFileType = text.plist.xml; path = Info.plist; sourceTree = "<group>"; };
		B560FF531D90B88A00AC6AF0 /* Memo.entitlements */ = {isa = PBXFileReference; lastKnownFileType = text.xml; path = Memo.entitlements; sourceTree = "<group>"; };
		B560FF541D90B92800AC6AF0 /* ShareExtension.entitlements */ = {isa = PBXFileReference; lastKnownFileType = text.xml; path = ShareExtension.entitlements; sourceTree = "<group>"; };
		B58BC02C1D9A080800F857BD /* Configs.swift */ = {isa = PBXFileReference; fileEncoding = 4; lastKnownFileType = sourcecode.swift; path = Configs.swift; sourceTree = "<group>"; };
		B58BC0501D9A0A8D00F857BD /* MemoFoundation.framework */ = {isa = PBXFileReference; explicitFileType = wrapper.framework; includeInIndex = 0; path = MemoFoundation.framework; sourceTree = BUILT_PRODUCTS_DIR; };
		B58BC0521D9A0A8D00F857BD /* MemoFoundation.h */ = {isa = PBXFileReference; lastKnownFileType = sourcecode.c.h; path = MemoFoundation.h; sourceTree = "<group>"; };
		B58BC0541D9A0A8D00F857BD /* Info.plist */ = {isa = PBXFileReference; lastKnownFileType = text.plist.xml; path = Info.plist; sourceTree = "<group>"; };
		B58BC0921D9A0E5C00F857BD /* Array+Stec.swift */ = {isa = PBXFileReference; fileEncoding = 4; lastKnownFileType = sourcecode.swift; path = "Array+Stec.swift"; sourceTree = "<group>"; };
		B58BC0931D9A0E5C00F857BD /* CALayer+Stec.swift */ = {isa = PBXFileReference; fileEncoding = 4; lastKnownFileType = sourcecode.swift; path = "CALayer+Stec.swift"; sourceTree = "<group>"; };
		B58BC0941D9A0E5C00F857BD /* CGFloat+Stec.swift */ = {isa = PBXFileReference; fileEncoding = 4; lastKnownFileType = sourcecode.swift; path = "CGFloat+Stec.swift"; sourceTree = "<group>"; };
		B58BC0951D9A0E5C00F857BD /* Int64+Stec.swift */ = {isa = PBXFileReference; fileEncoding = 4; lastKnownFileType = sourcecode.swift; path = "Int64+Stec.swift"; sourceTree = "<group>"; };
		B58BC0961D9A0E5C00F857BD /* NSDate+Stec.swift */ = {isa = PBXFileReference; fileEncoding = 4; lastKnownFileType = sourcecode.swift; path = "NSDate+Stec.swift"; sourceTree = "<group>"; };
		B58BC0971D9A0E5C00F857BD /* NSObject+Stec.swift */ = {isa = PBXFileReference; fileEncoding = 4; lastKnownFileType = sourcecode.swift; path = "NSObject+Stec.swift"; sourceTree = "<group>"; };
		B58BC0981D9A0E5C00F857BD /* String+FileExtension.swift */ = {isa = PBXFileReference; fileEncoding = 4; lastKnownFileType = sourcecode.swift; path = "String+FileExtension.swift"; sourceTree = "<group>"; };
		B58BC0991D9A0E5C00F857BD /* String+Smart.swift */ = {isa = PBXFileReference; fileEncoding = 4; lastKnownFileType = sourcecode.swift; path = "String+Smart.swift"; sourceTree = "<group>"; };
		B58BC09A1D9A0E5C00F857BD /* String+Stec.swift */ = {isa = PBXFileReference; fileEncoding = 4; lastKnownFileType = sourcecode.swift; path = "String+Stec.swift"; sourceTree = "<group>"; };
		B58BC09B1D9A0E5C00F857BD /* String+Value.swift */ = {isa = PBXFileReference; fileEncoding = 4; lastKnownFileType = sourcecode.swift; path = "String+Value.swift"; sourceTree = "<group>"; };
		B58BC09C1D9A0E5C00F857BD /* UIButton+Smart.swift */ = {isa = PBXFileReference; fileEncoding = 4; lastKnownFileType = sourcecode.swift; path = "UIButton+Smart.swift"; sourceTree = "<group>"; };
		B58BC09D1D9A0E5C00F857BD /* UICollectionView+Stec.swift */ = {isa = PBXFileReference; fileEncoding = 4; lastKnownFileType = sourcecode.swift; path = "UICollectionView+Stec.swift"; sourceTree = "<group>"; };
		B58BC09E1D9A0E5C00F857BD /* UIColor+Smart.swift */ = {isa = PBXFileReference; fileEncoding = 4; lastKnownFileType = sourcecode.swift; path = "UIColor+Smart.swift"; sourceTree = "<group>"; };
		B58BC09F1D9A0E5C00F857BD /* UIImage+Stec.swift */ = {isa = PBXFileReference; fileEncoding = 4; lastKnownFileType = sourcecode.swift; path = "UIImage+Stec.swift"; sourceTree = "<group>"; };
		B58BC0A01D9A0E5C00F857BD /* UIImageView+Stec.swift */ = {isa = PBXFileReference; fileEncoding = 4; lastKnownFileType = sourcecode.swift; path = "UIImageView+Stec.swift"; sourceTree = "<group>"; };
		B58BC0A11D9A0E5C00F857BD /* UILabel+Stec.swift */ = {isa = PBXFileReference; fileEncoding = 4; lastKnownFileType = sourcecode.swift; path = "UILabel+Stec.swift"; sourceTree = "<group>"; };
		B58BC0A21D9A0E5C00F857BD /* UINavigationBar+Stec.swift */ = {isa = PBXFileReference; fileEncoding = 4; lastKnownFileType = sourcecode.swift; path = "UINavigationBar+Stec.swift"; sourceTree = "<group>"; };
		B58BC0A31D9A0E5C00F857BD /* UIScrollView+Stec.swift */ = {isa = PBXFileReference; fileEncoding = 4; lastKnownFileType = sourcecode.swift; path = "UIScrollView+Stec.swift"; sourceTree = "<group>"; };
		B58BC0A41D9A0E5C00F857BD /* UITabBar+Stec.swift */ = {isa = PBXFileReference; fileEncoding = 4; lastKnownFileType = sourcecode.swift; path = "UITabBar+Stec.swift"; sourceTree = "<group>"; };
		B58BC0A51D9A0E5C00F857BD /* UITableView+Smart.swift */ = {isa = PBXFileReference; fileEncoding = 4; lastKnownFileType = sourcecode.swift; path = "UITableView+Smart.swift"; sourceTree = "<group>"; };
		B58BC0A61D9A0E5C00F857BD /* UIView+Smart.swift */ = {isa = PBXFileReference; fileEncoding = 4; lastKnownFileType = sourcecode.swift; path = "UIView+Smart.swift"; sourceTree = "<group>"; };
		B58BC0A71D9A0E5C00F857BD /* UIView+Stec.swift */ = {isa = PBXFileReference; fileEncoding = 4; lastKnownFileType = sourcecode.swift; path = "UIView+Stec.swift"; sourceTree = "<group>"; };
		B58BC0A81D9A0E5C00F857BD /* UIViewcontroller+Stec.swift */ = {isa = PBXFileReference; fileEncoding = 4; lastKnownFileType = sourcecode.swift; path = "UIViewcontroller+Stec.swift"; sourceTree = "<group>"; };
		B5A080E91D934FF200DDA164 /* DataTools.swift */ = {isa = PBXFileReference; fileEncoding = 4; lastKnownFileType = sourcecode.swift; path = DataTools.swift; sourceTree = "<group>"; };
		B5A0810A1D9367ED00DDA164 /* TodayExtension.appex */ = {isa = PBXFileReference; explicitFileType = "wrapper.app-extension"; includeInIndex = 0; path = TodayExtension.appex; sourceTree = BUILT_PRODUCTS_DIR; };
		B5A0810B1D9367ED00DDA164 /* NotificationCenter.framework */ = {isa = PBXFileReference; lastKnownFileType = wrapper.framework; name = NotificationCenter.framework; path = System/Library/Frameworks/NotificationCenter.framework; sourceTree = SDKROOT; };
		B5A0810E1D9367ED00DDA164 /* TodayViewController.swift */ = {isa = PBXFileReference; lastKnownFileType = sourcecode.swift; path = TodayViewController.swift; sourceTree = "<group>"; };
		B5A081111D9367ED00DDA164 /* Base */ = {isa = PBXFileReference; lastKnownFileType = file.storyboard; name = Base; path = Base.lproj/MainInterface.storyboard; sourceTree = "<group>"; };
		B5A081131D9367ED00DDA164 /* Info.plist */ = {isa = PBXFileReference; lastKnownFileType = text.plist.xml; path = Info.plist; sourceTree = "<group>"; };
		B5A0811A1D9369B000DDA164 /* TodayExtension.entitlements */ = {isa = PBXFileReference; lastKnownFileType = text.xml; path = TodayExtension.entitlements; sourceTree = "<group>"; };
		B5BB98571D8D7180005DF013 /* RNHelper.swift */ = {isa = PBXFileReference; fileEncoding = 4; lastKnownFileType = sourcecode.swift; path = RNHelper.swift; sourceTree = "<group>"; };
		B5BB98591D8D71AD005DF013 /* RNInterface.h */ = {isa = PBXFileReference; fileEncoding = 4; lastKnownFileType = sourcecode.c.h; path = RNInterface.h; sourceTree = "<group>"; };
		B5BB985A1D8D71AD005DF013 /* RNInterface.m */ = {isa = PBXFileReference; fileEncoding = 4; lastKnownFileType = sourcecode.c.objc; path = RNInterface.m; sourceTree = "<group>"; };
		B5BB98601D8D8EC9005DF013 /* assets */ = {isa = PBXFileReference; lastKnownFileType = folder; path = assets; sourceTree = "<group>"; };
		B5BB98611D8D8EC9005DF013 /* main.jsbundle */ = {isa = PBXFileReference; fileEncoding = 4; lastKnownFileType = text; path = main.jsbundle; sourceTree = "<group>"; };
		B5C3A8761D8D45AC008BE2FA /* Bridging-Header.h */ = {isa = PBXFileReference; lastKnownFileType = sourcecode.c.h; path = "Bridging-Header.h"; sourceTree = "<group>"; };
		B5D70EFE1D8BD46B00EEE0F9 /* Bootstrap.swift */ = {isa = PBXFileReference; fileEncoding = 4; lastKnownFileType = sourcecode.swift; path = Bootstrap.swift; sourceTree = "<group>"; };
		B5DD5C051D92B56A00148E4D /* ModesBridge.swift */ = {isa = PBXFileReference; fileEncoding = 4; lastKnownFileType = sourcecode.swift; path = ModesBridge.swift; sourceTree = "<group>"; };
		B5EFB83A1D8A415900BF1F9B /* BaseViewController.swift */ = {isa = PBXFileReference; fileEncoding = 4; lastKnownFileType = sourcecode.swift; path = BaseViewController.swift; sourceTree = "<group>"; };
		B5EFB83E1D8A416A00BF1F9B /* AttributeStringMaker.swift */ = {isa = PBXFileReference; fileEncoding = 4; lastKnownFileType = sourcecode.swift; path = AttributeStringMaker.swift; sourceTree = "<group>"; };
		B5EFB8771D8A448A00BF1F9B /* KeyboardMan.swift */ = {isa = PBXFileReference; fileEncoding = 4; lastKnownFileType = sourcecode.swift; path = KeyboardMan.swift; sourceTree = "<group>"; };
		B5EFB8791D8A44A000BF1F9B /* Async.swift */ = {isa = PBXFileReference; fileEncoding = 4; lastKnownFileType = sourcecode.swift; path = Async.swift; sourceTree = "<group>"; };
		B5EFB87B1D8A44B700BF1F9B /* Reachability.swift */ = {isa = PBXFileReference; fileEncoding = 4; lastKnownFileType = sourcecode.swift; path = Reachability.swift; sourceTree = "<group>"; };
		B5EFB8891D8A476B00BF1F9B /* SmartTask.swift */ = {isa = PBXFileReference; fileEncoding = 4; lastKnownFileType = sourcecode.swift; path = SmartTask.swift; sourceTree = "<group>"; };
		B5EFB88D1D8A486C00BF1F9B /* GroupListViewController.swift */ = {isa = PBXFileReference; fileEncoding = 4; lastKnownFileType = sourcecode.swift; path = GroupListViewController.swift; sourceTree = "<group>"; };
		B5EFB88E1D8A486C00BF1F9B /* KnowlageDetailViewController.swift */ = {isa = PBXFileReference; fileEncoding = 4; lastKnownFileType = sourcecode.swift; path = KnowlageDetailViewController.swift; sourceTree = "<group>"; };
		B5EFB88F1D8A486C00BF1F9B /* KnowlageListViewController.swift */ = {isa = PBXFileReference; fileEncoding = 4; lastKnownFileType = sourcecode.swift; path = KnowlageListViewController.swift; sourceTree = "<group>"; };
		B5EFB8931D8A491300BF1F9B /* BaseNavigationController.swift */ = {isa = PBXFileReference; fileEncoding = 4; lastKnownFileType = sourcecode.swift; path = BaseNavigationController.swift; sourceTree = "<group>"; };
		B5EFB8981D8A4C1100BF1F9B /* BasicCollectionCell.swift */ = {isa = PBXFileReference; fileEncoding = 4; lastKnownFileType = sourcecode.swift; path = BasicCollectionCell.swift; sourceTree = "<group>"; };
		B5EFB8A71D8A702800BF1F9B /* CustomTableCells.swift */ = {isa = PBXFileReference; fileEncoding = 4; lastKnownFileType = sourcecode.swift; path = CustomTableCells.swift; sourceTree = "<group>"; };
		B5EFB8AB1D8A7AC100BF1F9B /* SimpleCustomViews.swift */ = {isa = PBXFileReference; fileEncoding = 4; lastKnownFileType = sourcecode.swift; path = SimpleCustomViews.swift; sourceTree = "<group>"; };
		B5EFB8AE1D8AEDBE00BF1F9B /* Models.swift */ = {isa = PBXFileReference; fileEncoding = 4; lastKnownFileType = sourcecode.swift; path = Models.swift; sourceTree = "<group>"; };
		B5F6D6471D8FB70F0063DCF5 /* UncaughtExceptionHandler.h */ = {isa = PBXFileReference; fileEncoding = 4; lastKnownFileType = sourcecode.c.h; path = UncaughtExceptionHandler.h; sourceTree = "<group>"; };
		B5F6D6481D8FB70F0063DCF5 /* UncaughtExceptionHandler.m */ = {isa = PBXFileReference; fileEncoding = 4; lastKnownFileType = sourcecode.c.objc; path = UncaughtExceptionHandler.m; sourceTree = "<group>"; };
		BD6D567EF83A596F90A19BEF /* Pods_Memo.framework */ = {isa = PBXFileReference; explicitFileType = wrapper.framework; includeInIndex = 0; path = Pods_Memo.framework; sourceTree = BUILT_PRODUCTS_DIR; };
		CE6A30358246874CC89A73AB /* Pods_Memo.framework */ = {isa = PBXFileReference; explicitFileType = wrapper.framework; includeInIndex = 0; path = Pods_Memo.framework; sourceTree = BUILT_PRODUCTS_DIR; };
		D72A689B4E0D867F8B171233 /* Pods-TodayExtension.debug.xcconfig */ = {isa = PBXFileReference; includeInIndex = 1; lastKnownFileType = text.xcconfig; name = "Pods-TodayExtension.debug.xcconfig"; path = "Pods/Target Support Files/Pods-TodayExtension/Pods-TodayExtension.debug.xcconfig"; sourceTree = "<group>"; };
		F1D54D39735F06B1231FD58C /* Pods-TodayExtension.release.xcconfig */ = {isa = PBXFileReference; includeInIndex = 1; lastKnownFileType = text.xcconfig; name = "Pods-TodayExtension.release.xcconfig"; path = "Pods/Target Support Files/Pods-TodayExtension/Pods-TodayExtension.release.xcconfig"; sourceTree = "<group>"; };
		F289C48DD5A204C0F7909681 /* Pods_MemoFoundation.framework */ = {isa = PBXFileReference; explicitFileType = wrapper.framework; includeInIndex = 0; path = Pods_MemoFoundation.framework; sourceTree = BUILT_PRODUCTS_DIR; };
/* End PBXFileReference section */

/* Begin PBXFrameworksBuildPhase section */
		B50F93701D8A396800742FA0 /* Frameworks */ = {
			isa = PBXFrameworksBuildPhase;
			buildActionMask = 2147483647;
			files = (
				B58BC0571D9A0A8D00F857BD /* MemoFoundation.framework in Frameworks */,
				DE41A8CCED0CDA5A992FC9F0 /* Pods_Memo.framework in Frameworks */,
			);
			runOnlyForDeploymentPostprocessing = 0;
		};
		B50F93841D8A396800742FA0 /* Frameworks */ = {
			isa = PBXFrameworksBuildPhase;
			buildActionMask = 2147483647;
			files = (
			);
			runOnlyForDeploymentPostprocessing = 0;
		};
		B50F938F1D8A396800742FA0 /* Frameworks */ = {
			isa = PBXFrameworksBuildPhase;
			buildActionMask = 2147483647;
			files = (
			);
			runOnlyForDeploymentPostprocessing = 0;
		};
		B560FF411D90B0F700AC6AF0 /* Frameworks */ = {
			isa = PBXFrameworksBuildPhase;
			buildActionMask = 2147483647;
			files = (
				AECB2C49392A653324EBBEF5 /* Pods_ShareExtension.framework in Frameworks */,
			);
			runOnlyForDeploymentPostprocessing = 0;
		};
		B58BC04C1D9A0A8D00F857BD /* Frameworks */ = {
			isa = PBXFrameworksBuildPhase;
			buildActionMask = 2147483647;
			files = (
				9FBC2BFDA6F88EF18EE9E721 /* Pods_MemoFoundation.framework in Frameworks */,
			);
			runOnlyForDeploymentPostprocessing = 0;
		};
		B5A081071D9367ED00DDA164 /* Frameworks */ = {
			isa = PBXFrameworksBuildPhase;
			buildActionMask = 2147483647;
			files = (
				B5A0810C1D9367ED00DDA164 /* NotificationCenter.framework in Frameworks */,
				3C408E782B52940C4514A789 /* Pods_TodayExtension.framework in Frameworks */,
			);
			runOnlyForDeploymentPostprocessing = 0;
		};
/* End PBXFrameworksBuildPhase section */

/* Begin PBXGroup section */
		567B5DC10EA6D1AB5CD39D63 /* Pods */ = {
			isa = PBXGroup;
			children = (
			);
			name = Pods;
			sourceTree = "<group>";
		};
		6C95A7B2B4335CCC2FA4969E /* Frameworks */ = {
			isa = PBXGroup;
			children = (
				CE6A30358246874CC89A73AB /* Pods_Memo.framework */,
				518564AC93CCCE3DA5B1B37E /* Pods_ShareExtension.framework */,
				B5A0810B1D9367ED00DDA164 /* NotificationCenter.framework */,
				0C9576ADFE9A6BC91629FDF1 /* Pods_TodayExtension.framework */,
			);
			name = Frameworks;
			sourceTree = "<group>";
		};
		704D460BA5C4CFCCA84A1694 /* Pods */ = {
			isa = PBXGroup;
			children = (
				442AF7693E63CCB73DF184AF /* Pods-MemoFoundation.debug.xcconfig */,
				9BD6E1A620F80BF6D2EA0D41 /* Pods-MemoFoundation.release.xcconfig */,
				B53D945A8FC09B19633F8121 /* Pods-Memo.debug.xcconfig */,
				07B9F9578485EA692D685DF6 /* Pods-Memo.release.xcconfig */,
				933C3F0F0711832F8191AC7B /* Pods-ShareExtension.debug.xcconfig */,
				1393E4832991D14A1533D08D /* Pods-ShareExtension.release.xcconfig */,
				D72A689B4E0D867F8B171233 /* Pods-TodayExtension.debug.xcconfig */,
				F1D54D39735F06B1231FD58C /* Pods-TodayExtension.release.xcconfig */,
			);
			name = Pods;
			sourceTree = "<group>";
		};
		B50F936A1D8A396800742FA0 = {
			isa = PBXGroup;
			children = (
				B50F93751D8A396800742FA0 /* Memo */,
				B58BC02E1D9A090E00F857BD /* Support Groups */,
				B58BC02F1D9A092700F857BD /* Extension Apps */,
				B58BC0511D9A0A8D00F857BD /* MemoFoundation */,
				704D460BA5C4CFCCA84A1694 /* Pods */,
				CC037DCE6BF890D976A285A4 /* Frameworks */,
			);
			sourceTree = "<group>";
		};
		B50F93741D8A396800742FA0 /* Products */ = {
			isa = PBXGroup;
			children = (
				B50F93731D8A396800742FA0 /* Memo.app */,
				B50F93871D8A396800742FA0 /* MemoTests.xctest */,
				B50F93921D8A396800742FA0 /* MemoUITests.xctest */,
				B560FF441D90B0F700AC6AF0 /* ShareExtension.appex */,
				B5A0810A1D9367ED00DDA164 /* TodayExtension.appex */,
				B58BC0501D9A0A8D00F857BD /* MemoFoundation.framework */,
			);
			name = Products;
			sourceTree = "<group>";
		};
		B50F93751D8A396800742FA0 /* Memo */ = {
			isa = PBXGroup;
			children = (
				B560FF531D90B88A00AC6AF0 /* Memo.entitlements */,
				B50F93A41D8A39FA00742FA0 /* Classes */,
				B50F93A51D8A39FA00742FA0 /* Common */,
				B50F93A71D8A39FA00742FA0 /* Main */,
				B5EFB8951D8A4B6C00BF1F9B /* Resource */,
			);
			path = Memo;
			sourceTree = "<group>";
		};
		B50F938A1D8A396800742FA0 /* MemoTests */ = {
			isa = PBXGroup;
			children = (
				B50F938B1D8A396800742FA0 /* MemoTests.swift */,
				B50F938D1D8A396800742FA0 /* Info.plist */,
			);
			path = MemoTests;
			sourceTree = "<group>";
		};
		B50F93951D8A396800742FA0 /* MemoUITests */ = {
			isa = PBXGroup;
			children = (
				B50F93961D8A396800742FA0 /* MemoUITests.swift */,
				B50F93981D8A396800742FA0 /* Info.plist */,
			);
			path = MemoUITests;
			sourceTree = "<group>";
		};
		B50F93A41D8A39FA00742FA0 /* Classes */ = {
			isa = PBXGroup;
			children = (
				B5EFB8AD1D8AEDAC00BF1F9B /* Models */,
				B5EFB8A61D8A701300BF1F9B /* Views */,
				B5EFB88D1D8A486C00BF1F9B /* GroupListViewController.swift */,
				B5EFB88E1D8A486C00BF1F9B /* KnowlageDetailViewController.swift */,
				B5EFB88F1D8A486C00BF1F9B /* KnowlageListViewController.swift */,
			);
			path = Classes;
			sourceTree = "<group>";
		};
		B50F93A51D8A39FA00742FA0 /* Common */ = {
			isa = PBXGroup;
			children = (
				B58BC0911D9A0E5C00F857BD /* Extension */,
				B5C3A86F1D8D3574008BE2FA /* Service */,
				B5EFB8391D8A415900BF1F9B /* Bases */,
				B5EFB8961D8A4BE800BF1F9B /* Views */,
				B5EFB83B1D8A415900BF1F9B /* Configs */,
				B5EFB83C1D8A415900BF1F9B /* Helpers */,
			);
			path = Common;
			sourceTree = "<group>";
		};
		B50F93A71D8A39FA00742FA0 /* Main */ = {
			isa = PBXGroup;
			children = (
				B50F93A81D8A3A1500742FA0 /* AppDelegate.swift */,
			);
			path = Main;
			sourceTree = "<group>";
		};
		B560FF451D90B0F700AC6AF0 /* ShareExtension */ = {
			isa = PBXGroup;
			children = (
				B560FF541D90B92800AC6AF0 /* ShareExtension.entitlements */,
				B560FF461D90B0F700AC6AF0 /* TestShareVC.swift */,
				B52192EA1D9210510024271E /* ShareViewController.swift */,
				B560FF481D90B0F700AC6AF0 /* MainInterface.storyboard */,
				B560FF4B1D90B0F700AC6AF0 /* Info.plist */,
			);
			path = ShareExtension;
			sourceTree = "<group>";
		};
		B58BC02E1D9A090E00F857BD /* Support Groups */ = {
			isa = PBXGroup;
			children = (
				B50F93741D8A396800742FA0 /* Products */,
				567B5DC10EA6D1AB5CD39D63 /* Pods */,
				6C95A7B2B4335CCC2FA4969E /* Frameworks */,
				B50F938A1D8A396800742FA0 /* MemoTests */,
				B50F93951D8A396800742FA0 /* MemoUITests */,
			);
			name = "Support Groups";
			sourceTree = "<group>";
		};
		B58BC02F1D9A092700F857BD /* Extension Apps */ = {
			isa = PBXGroup;
			children = (
				B560FF451D90B0F700AC6AF0 /* ShareExtension */,
				B5A0810D1D9367ED00DDA164 /* TodayExtension */,
			);
			name = "Extension Apps";
			sourceTree = "<group>";
		};
		B58BC0511D9A0A8D00F857BD /* MemoFoundation */ = {
			isa = PBXGroup;
			children = (
				B58BC0601D9A0B2100F857BD /* Common */,
				B58BC0611D9A0B2100F857BD /* Module */,
				B58BC0521D9A0A8D00F857BD /* MemoFoundation.h */,
				B58BC0541D9A0A8D00F857BD /* Info.plist */,
			);
			path = MemoFoundation;
			sourceTree = "<group>";
		};
		B58BC0601D9A0B2100F857BD /* Common */ = {
			isa = PBXGroup;
			children = (
			);
			path = Common;
			sourceTree = "<group>";
		};
		B58BC0611D9A0B2100F857BD /* Module */ = {
			isa = PBXGroup;
			children = (
			);
			path = Module;
			sourceTree = "<group>";
		};
		B58BC0911D9A0E5C00F857BD /* Extension */ = {
			isa = PBXGroup;
			children = (
				B58BC0921D9A0E5C00F857BD /* Array+Stec.swift */,
				B58BC0931D9A0E5C00F857BD /* CALayer+Stec.swift */,
				B58BC0941D9A0E5C00F857BD /* CGFloat+Stec.swift */,
				B58BC0951D9A0E5C00F857BD /* Int64+Stec.swift */,
				B58BC0961D9A0E5C00F857BD /* NSDate+Stec.swift */,
				B58BC0971D9A0E5C00F857BD /* NSObject+Stec.swift */,
				B58BC0981D9A0E5C00F857BD /* String+FileExtension.swift */,
				B58BC0991D9A0E5C00F857BD /* String+Smart.swift */,
				B58BC09A1D9A0E5C00F857BD /* String+Stec.swift */,
				B58BC09B1D9A0E5C00F857BD /* String+Value.swift */,
				B58BC09C1D9A0E5C00F857BD /* UIButton+Smart.swift */,
				B58BC09D1D9A0E5C00F857BD /* UICollectionView+Stec.swift */,
				B58BC09E1D9A0E5C00F857BD /* UIColor+Smart.swift */,
				B58BC09F1D9A0E5C00F857BD /* UIImage+Stec.swift */,
				B58BC0A01D9A0E5C00F857BD /* UIImageView+Stec.swift */,
				B58BC0A11D9A0E5C00F857BD /* UILabel+Stec.swift */,
				B58BC0A21D9A0E5C00F857BD /* UINavigationBar+Stec.swift */,
				B58BC0A31D9A0E5C00F857BD /* UIScrollView+Stec.swift */,
				B58BC0A41D9A0E5C00F857BD /* UITabBar+Stec.swift */,
				B58BC0A51D9A0E5C00F857BD /* UITableView+Smart.swift */,
				B58BC0A61D9A0E5C00F857BD /* UIView+Smart.swift */,
				B58BC0A71D9A0E5C00F857BD /* UIView+Stec.swift */,
				B58BC0A81D9A0E5C00F857BD /* UIViewcontroller+Stec.swift */,
			);
			path = Extension;
			sourceTree = "<group>";
		};
		B5A080E81D934FDE00DDA164 /* DataTool */ = {
			isa = PBXGroup;
			children = (
				B5A080E91D934FF200DDA164 /* DataTools.swift */,
			);
			path = DataTool;
			sourceTree = "<group>";
		};
		B5A0810D1D9367ED00DDA164 /* TodayExtension */ = {
			isa = PBXGroup;
			children = (
				B5A0811A1D9369B000DDA164 /* TodayExtension.entitlements */,
				B5A0810E1D9367ED00DDA164 /* TodayViewController.swift */,
				B5A081101D9367ED00DDA164 /* MainInterface.storyboard */,
				B5A081131D9367ED00DDA164 /* Info.plist */,
			);
			path = TodayExtension;
			sourceTree = "<group>";
		};
		B5BB98561D8D7180005DF013 /* ReactNative */ = {
			isa = PBXGroup;
			children = (
				B5BB98571D8D7180005DF013 /* RNHelper.swift */,
				B5BB98591D8D71AD005DF013 /* RNInterface.h */,
				B5BB985A1D8D71AD005DF013 /* RNInterface.m */,
			);
			path = ReactNative;
			sourceTree = "<group>";
		};
		B5C3A86F1D8D3574008BE2FA /* Service */ = {
			isa = PBXGroup;
			children = (
				B5A080E81D934FDE00DDA164 /* DataTool */,
				B5BB98561D8D7180005DF013 /* ReactNative */,
			);
			path = Service;
			sourceTree = "<group>";
		};
		B5EFB8391D8A415900BF1F9B /* Bases */ = {
			isa = PBXGroup;
			children = (
				B5EFB83A1D8A415900BF1F9B /* BaseViewController.swift */,
				B5EFB8931D8A491300BF1F9B /* BaseNavigationController.swift */,
			);
			path = Bases;
			sourceTree = "<group>";
		};
		B5EFB83B1D8A415900BF1F9B /* Configs */ = {
			isa = PBXGroup;
			children = (
				B5D70EFE1D8BD46B00EEE0F9 /* Bootstrap.swift */,
				B58BC02C1D9A080800F857BD /* Configs.swift */,
			);
			path = Configs;
			sourceTree = "<group>";
		};
		B5EFB83C1D8A415900BF1F9B /* Helpers */ = {
			isa = PBXGroup;
			children = (
				B5F6D6431D8FB55C0063DCF5 /* exceptionHandler */,
				B5EFB83E1D8A416A00BF1F9B /* AttributeStringMaker.swift */,
				B5EFB8771D8A448A00BF1F9B /* KeyboardMan.swift */,
				B5EFB8791D8A44A000BF1F9B /* Async.swift */,
				B5EFB87B1D8A44B700BF1F9B /* Reachability.swift */,
				B5EFB8891D8A476B00BF1F9B /* SmartTask.swift */,
			);
			path = Helpers;
			sourceTree = "<group>";
		};
		B5EFB8951D8A4B6C00BF1F9B /* Resource */ = {
			isa = PBXGroup;
			children = (
				B5BB98601D8D8EC9005DF013 /* assets */,
				B5BB98611D8D8EC9005DF013 /* main.jsbundle */,
				B50F937D1D8A396800742FA0 /* Assets.xcassets */,
				B50F937F1D8A396800742FA0 /* LaunchScreen.storyboard */,
				B50F93821D8A396800742FA0 /* Info.plist */,
				B5C3A8761D8D45AC008BE2FA /* Bridging-Header.h */,
			);
			name = Resource;
			sourceTree = "<group>";
		};
		B5EFB8961D8A4BE800BF1F9B /* Views */ = {
			isa = PBXGroup;
			children = (
				B5EFB8AB1D8A7AC100BF1F9B /* SimpleCustomViews.swift */,
				B5EFB8971D8A4C1100BF1F9B /* CustomCells */,
			);
			path = Views;
			sourceTree = "<group>";
		};
		B5EFB8971D8A4C1100BF1F9B /* CustomCells */ = {
			isa = PBXGroup;
			children = (
				B5EFB8981D8A4C1100BF1F9B /* BasicCollectionCell.swift */,
			);
			path = CustomCells;
			sourceTree = "<group>";
		};
		B5EFB8A61D8A701300BF1F9B /* Views */ = {
			isa = PBXGroup;
			children = (
				B5EFB8A71D8A702800BF1F9B /* CustomTableCells.swift */,
			);
			path = Views;
			sourceTree = "<group>";
		};
		B5EFB8AD1D8AEDAC00BF1F9B /* Models */ = {
			isa = PBXGroup;
			children = (
				B5EFB8AE1D8AEDBE00BF1F9B /* Models.swift */,
				B5DD5C051D92B56A00148E4D /* ModesBridge.swift */,
			);
			path = Models;
			sourceTree = "<group>";
		};
		B5F6D6431D8FB55C0063DCF5 /* exceptionHandler */ = {
			isa = PBXGroup;
			children = (
				B5F6D6471D8FB70F0063DCF5 /* UncaughtExceptionHandler.h */,
				B5F6D6481D8FB70F0063DCF5 /* UncaughtExceptionHandler.m */,
			);
			path = exceptionHandler;
			sourceTree = "<group>";
		};
		CC037DCE6BF890D976A285A4 /* Frameworks */ = {
			isa = PBXGroup;
			children = (
				F289C48DD5A204C0F7909681 /* Pods_MemoFoundation.framework */,
				BD6D567EF83A596F90A19BEF /* Pods_Memo.framework */,
				6A523505A834CE3EAD183B8D /* Pods_ShareExtension.framework */,
				2C39E1D76090317C3BA6458A /* Pods_TodayExtension.framework */,
			);
			name = Frameworks;
			sourceTree = "<group>";
		};
/* End PBXGroup section */

/* Begin PBXHeadersBuildPhase section */
		B58BC04D1D9A0A8D00F857BD /* Headers */ = {
			isa = PBXHeadersBuildPhase;
			buildActionMask = 2147483647;
			files = (
				B58BC0531D9A0A8D00F857BD /* MemoFoundation.h in Headers */,
			);
			runOnlyForDeploymentPostprocessing = 0;
		};
/* End PBXHeadersBuildPhase section */

/* Begin PBXNativeTarget section */
		B50F93721D8A396800742FA0 /* Memo */ = {
			isa = PBXNativeTarget;
			buildConfigurationList = B50F939B1D8A396800742FA0 /* Build configuration list for PBXNativeTarget "Memo" */;
			buildPhases = (
				2FA4876777210F664A057B3E /* [CP] Check Pods Manifest.lock */,
				B50F936F1D8A396800742FA0 /* Sources */,
				B50F93701D8A396800742FA0 /* Frameworks */,
				B50F93711D8A396800742FA0 /* Resources */,
				B560FF521D90B0F700AC6AF0 /* Embed App Extensions */,
				B5A081321D936D8C00DDA164 /* Embed Frameworks */,
				DFAA5EA16DDB63BA4E447184 /* [CP] Embed Pods Frameworks */,
				7EAC3BAEF4E4F8E04D82334A /* [CP] Copy Pods Resources */,
			);
			buildRules = (
			);
			dependencies = (
				B560FF4D1D90B0F700AC6AF0 /* PBXTargetDependency */,
				B5A081151D9367ED00DDA164 /* PBXTargetDependency */,
				B58BC0561D9A0A8D00F857BD /* PBXTargetDependency */,
			);
			name = Memo;
			productName = Memo;
			productReference = B50F93731D8A396800742FA0 /* Memo.app */;
			productType = "com.apple.product-type.application";
		};
		B50F93861D8A396800742FA0 /* MemoTests */ = {
			isa = PBXNativeTarget;
			buildConfigurationList = B50F939E1D8A396800742FA0 /* Build configuration list for PBXNativeTarget "MemoTests" */;
			buildPhases = (
				B50F93831D8A396800742FA0 /* Sources */,
				B50F93841D8A396800742FA0 /* Frameworks */,
				B50F93851D8A396800742FA0 /* Resources */,
			);
			buildRules = (
			);
			dependencies = (
				B50F93891D8A396800742FA0 /* PBXTargetDependency */,
			);
			name = MemoTests;
			productName = MemoTests;
			productReference = B50F93871D8A396800742FA0 /* MemoTests.xctest */;
			productType = "com.apple.product-type.bundle.unit-test";
		};
		B50F93911D8A396800742FA0 /* MemoUITests */ = {
			isa = PBXNativeTarget;
			buildConfigurationList = B50F93A11D8A396800742FA0 /* Build configuration list for PBXNativeTarget "MemoUITests" */;
			buildPhases = (
				B50F938E1D8A396800742FA0 /* Sources */,
				B50F938F1D8A396800742FA0 /* Frameworks */,
				B50F93901D8A396800742FA0 /* Resources */,
			);
			buildRules = (
			);
			dependencies = (
				B50F93941D8A396800742FA0 /* PBXTargetDependency */,
			);
			name = MemoUITests;
			productName = MemoUITests;
			productReference = B50F93921D8A396800742FA0 /* MemoUITests.xctest */;
			productType = "com.apple.product-type.bundle.ui-testing";
		};
		B560FF431D90B0F700AC6AF0 /* ShareExtension */ = {
			isa = PBXNativeTarget;
			buildConfigurationList = B560FF4F1D90B0F700AC6AF0 /* Build configuration list for PBXNativeTarget "ShareExtension" */;
			buildPhases = (
				19F42A96DDE07D062694D665 /* [CP] Check Pods Manifest.lock */,
				B560FF401D90B0F700AC6AF0 /* Sources */,
				B560FF411D90B0F700AC6AF0 /* Frameworks */,
				B560FF421D90B0F700AC6AF0 /* Resources */,
				72D6551614C42879777B963C /* [CP] Copy Pods Resources */,
			);
			buildRules = (
			);
			dependencies = (
				B58BC05D1D9A0AA700F857BD /* PBXTargetDependency */,
			);
			name = ShareExtension;
			productName = ShareExtension;
			productReference = B560FF441D90B0F700AC6AF0 /* ShareExtension.appex */;
			productType = "com.apple.product-type.app-extension";
		};
		B58BC04F1D9A0A8D00F857BD /* MemoFoundation */ = {
			isa = PBXNativeTarget;
			buildConfigurationList = B58BC0591D9A0A8D00F857BD /* Build configuration list for PBXNativeTarget "MemoFoundation" */;
			buildPhases = (
				A6E140ABA761A7D2ADCB70B9 /* [CP] Check Pods Manifest.lock */,
				B58BC04B1D9A0A8D00F857BD /* Sources */,
				B58BC04C1D9A0A8D00F857BD /* Frameworks */,
				B58BC04D1D9A0A8D00F857BD /* Headers */,
				B58BC04E1D9A0A8D00F857BD /* Resources */,
				4D6B38E4EEFE29040E0A2781 /* [CP] Copy Pods Resources */,
			);
			buildRules = (
			);
			dependencies = (
			);
			name = MemoFoundation;
			productName = MemoFoundation;
			productReference = B58BC0501D9A0A8D00F857BD /* MemoFoundation.framework */;
			productType = "com.apple.product-type.framework";
		};
		B5A081091D9367ED00DDA164 /* TodayExtension */ = {
			isa = PBXNativeTarget;
			buildConfigurationList = B5A081191D9367EE00DDA164 /* Build configuration list for PBXNativeTarget "TodayExtension" */;
			buildPhases = (
				8C7922CA84D92004D5286881 /* [CP] Check Pods Manifest.lock */,
				B5A081061D9367ED00DDA164 /* Sources */,
				B5A081071D9367ED00DDA164 /* Frameworks */,
				B5A081081D9367ED00DDA164 /* Resources */,
				029391A212C550BE834ECB39 /* [CP] Copy Pods Resources */,
			);
			buildRules = (
			);
			dependencies = (
				B58BC05F1D9A0AD700F857BD /* PBXTargetDependency */,
			);
			name = TodayExtension;
			productName = TodayExtension;
			productReference = B5A0810A1D9367ED00DDA164 /* TodayExtension.appex */;
			productType = "com.apple.product-type.app-extension";
		};
/* End PBXNativeTarget section */

/* Begin PBXProject section */
		B50F936B1D8A396800742FA0 /* Project object */ = {
			isa = PBXProject;
			attributes = {
				LastSwiftUpdateCheck = 0730;
				LastUpgradeCheck = 0730;
				ORGANIZATIONNAME = azen;
				TargetAttributes = {
					B50F93721D8A396800742FA0 = {
						CreatedOnToolsVersion = 7.3.1;
						DevelopmentTeam = L9R8GRVYKZ;
						SystemCapabilities = {
							com.apple.ApplicationGroups.iOS = {
								enabled = 1;
							};
						};
					};
					B50F93861D8A396800742FA0 = {
						CreatedOnToolsVersion = 7.3.1;
						TestTargetID = B50F93721D8A396800742FA0;
					};
					B50F93911D8A396800742FA0 = {
						CreatedOnToolsVersion = 7.3.1;
						TestTargetID = B50F93721D8A396800742FA0;
					};
					B560FF431D90B0F700AC6AF0 = {
						CreatedOnToolsVersion = 7.3.1;
						DevelopmentTeam = L9R8GRVYKZ;
						SystemCapabilities = {
							com.apple.ApplicationGroups.iOS = {
								enabled = 1;
							};
						};
					};
					B58BC04F1D9A0A8D00F857BD = {
						CreatedOnToolsVersion = 7.3.1;
						DevelopmentTeam = L9R8GRVYKZ;
					};
					B5A081091D9367ED00DDA164 = {
						CreatedOnToolsVersion = 7.3.1;
						DevelopmentTeam = L9R8GRVYKZ;
						SystemCapabilities = {
							com.apple.ApplicationGroups.iOS = {
								enabled = 1;
							};
						};
					};
				};
			};
			buildConfigurationList = B50F936E1D8A396800742FA0 /* Build configuration list for PBXProject "Memo" */;
			compatibilityVersion = "Xcode 3.2";
			developmentRegion = English;
			hasScannedForEncodings = 0;
			knownRegions = (
				en,
				Base,
			);
			mainGroup = B50F936A1D8A396800742FA0;
			productRefGroup = B50F93741D8A396800742FA0 /* Products */;
			projectDirPath = "";
			projectRoot = "";
			targets = (
				B50F93721D8A396800742FA0 /* Memo */,
				B560FF431D90B0F700AC6AF0 /* ShareExtension */,
				B5A081091D9367ED00DDA164 /* TodayExtension */,
				B50F93861D8A396800742FA0 /* MemoTests */,
				B50F93911D8A396800742FA0 /* MemoUITests */,
				B58BC04F1D9A0A8D00F857BD /* MemoFoundation */,
			);
		};
/* End PBXProject section */

/* Begin PBXResourcesBuildPhase section */
		B50F93711D8A396800742FA0 /* Resources */ = {
			isa = PBXResourcesBuildPhase;
			buildActionMask = 2147483647;
			files = (
				B5BB98621D8D8EC9005DF013 /* assets in Resources */,
				B50F93811D8A396800742FA0 /* LaunchScreen.storyboard in Resources */,
				B50F937E1D8A396800742FA0 /* Assets.xcassets in Resources */,
				B5BB98631D8D8EC9005DF013 /* main.jsbundle in Resources */,
			);
			runOnlyForDeploymentPostprocessing = 0;
		};
		B50F93851D8A396800742FA0 /* Resources */ = {
			isa = PBXResourcesBuildPhase;
			buildActionMask = 2147483647;
			files = (
			);
			runOnlyForDeploymentPostprocessing = 0;
		};
		B50F93901D8A396800742FA0 /* Resources */ = {
			isa = PBXResourcesBuildPhase;
			buildActionMask = 2147483647;
			files = (
			);
			runOnlyForDeploymentPostprocessing = 0;
		};
		B560FF421D90B0F700AC6AF0 /* Resources */ = {
			isa = PBXResourcesBuildPhase;
			buildActionMask = 2147483647;
			files = (
				B5D71C9C1D92E49C005BB4D6 /* Assets.xcassets in Resources */,
				B560FF4A1D90B0F700AC6AF0 /* MainInterface.storyboard in Resources */,
			);
			runOnlyForDeploymentPostprocessing = 0;
		};
		B58BC04E1D9A0A8D00F857BD /* Resources */ = {
			isa = PBXResourcesBuildPhase;
			buildActionMask = 2147483647;
			files = (
			);
			runOnlyForDeploymentPostprocessing = 0;
		};
		B5A081081D9367ED00DDA164 /* Resources */ = {
			isa = PBXResourcesBuildPhase;
			buildActionMask = 2147483647;
			files = (
				B5A081121D9367ED00DDA164 /* MainInterface.storyboard in Resources */,
			);
			runOnlyForDeploymentPostprocessing = 0;
		};
/* End PBXResourcesBuildPhase section */

/* Begin PBXShellScriptBuildPhase section */
		029391A212C550BE834ECB39 /* [CP] Copy Pods Resources */ = {
			isa = PBXShellScriptBuildPhase;
			buildActionMask = 2147483647;
			files = (
			);
			inputPaths = (
			);
			name = "[CP] Copy Pods Resources";
			outputPaths = (
			);
			runOnlyForDeploymentPostprocessing = 0;
			shellPath = /bin/sh;
			shellScript = "\"${SRCROOT}/Pods/Target Support Files/Pods-TodayExtension/Pods-TodayExtension-resources.sh\"\n";
			showEnvVarsInLog = 0;
		};
		19F42A96DDE07D062694D665 /* [CP] Check Pods Manifest.lock */ = {
			isa = PBXShellScriptBuildPhase;
			buildActionMask = 2147483647;
			files = (
			);
			inputPaths = (
			);
			name = "[CP] Check Pods Manifest.lock";
			outputPaths = (
			);
			runOnlyForDeploymentPostprocessing = 0;
			shellPath = /bin/sh;
			shellScript = "diff \"${PODS_ROOT}/../Podfile.lock\" \"${PODS_ROOT}/Manifest.lock\" > /dev/null\nif [ $? != 0 ] ; then\n    # print error to STDERR\n    echo \"error: The sandbox is not in sync with the Podfile.lock. Run 'pod install' or update your CocoaPods installation.\" >&2\n    exit 1\nfi\n";
			showEnvVarsInLog = 0;
		};
		2FA4876777210F664A057B3E /* [CP] Check Pods Manifest.lock */ = {
			isa = PBXShellScriptBuildPhase;
			buildActionMask = 2147483647;
			files = (
			);
			inputPaths = (
			);
			name = "[CP] Check Pods Manifest.lock";
			outputPaths = (
			);
			runOnlyForDeploymentPostprocessing = 0;
			shellPath = /bin/sh;
			shellScript = "diff \"${PODS_ROOT}/../Podfile.lock\" \"${PODS_ROOT}/Manifest.lock\" > /dev/null\nif [ $? != 0 ] ; then\n    # print error to STDERR\n    echo \"error: The sandbox is not in sync with the Podfile.lock. Run 'pod install' or update your CocoaPods installation.\" >&2\n    exit 1\nfi\n";
			showEnvVarsInLog = 0;
		};
		4D6B38E4EEFE29040E0A2781 /* [CP] Copy Pods Resources */ = {
			isa = PBXShellScriptBuildPhase;
			buildActionMask = 2147483647;
			files = (
			);
			inputPaths = (
			);
			name = "[CP] Copy Pods Resources";
			outputPaths = (
			);
			runOnlyForDeploymentPostprocessing = 0;
			shellPath = /bin/sh;
			shellScript = "\"${SRCROOT}/Pods/Target Support Files/Pods-MemoFoundation/Pods-MemoFoundation-resources.sh\"\n";
			showEnvVarsInLog = 0;
		};
		72D6551614C42879777B963C /* [CP] Copy Pods Resources */ = {
			isa = PBXShellScriptBuildPhase;
			buildActionMask = 2147483647;
			files = (
			);
			inputPaths = (
			);
			name = "[CP] Copy Pods Resources";
			outputPaths = (
			);
			runOnlyForDeploymentPostprocessing = 0;
			shellPath = /bin/sh;
			shellScript = "\"${SRCROOT}/Pods/Target Support Files/Pods-ShareExtension/Pods-ShareExtension-resources.sh\"\n";
			showEnvVarsInLog = 0;
		};
		7EAC3BAEF4E4F8E04D82334A /* [CP] Copy Pods Resources */ = {
			isa = PBXShellScriptBuildPhase;
			buildActionMask = 2147483647;
			files = (
			);
			inputPaths = (
			);
			name = "[CP] Copy Pods Resources";
			outputPaths = (
			);
			runOnlyForDeploymentPostprocessing = 0;
			shellPath = /bin/sh;
			shellScript = "\"${SRCROOT}/Pods/Target Support Files/Pods-Memo/Pods-Memo-resources.sh\"\n";
			showEnvVarsInLog = 0;
		};
		8C7922CA84D92004D5286881 /* [CP] Check Pods Manifest.lock */ = {
			isa = PBXShellScriptBuildPhase;
			buildActionMask = 2147483647;
			files = (
			);
			inputPaths = (
			);
			name = "[CP] Check Pods Manifest.lock";
			outputPaths = (
			);
			runOnlyForDeploymentPostprocessing = 0;
			shellPath = /bin/sh;
			shellScript = "diff \"${PODS_ROOT}/../Podfile.lock\" \"${PODS_ROOT}/Manifest.lock\" > /dev/null\nif [ $? != 0 ] ; then\n    # print error to STDERR\n    echo \"error: The sandbox is not in sync with the Podfile.lock. Run 'pod install' or update your CocoaPods installation.\" >&2\n    exit 1\nfi\n";
			showEnvVarsInLog = 0;
		};
		A6E140ABA761A7D2ADCB70B9 /* [CP] Check Pods Manifest.lock */ = {
			isa = PBXShellScriptBuildPhase;
			buildActionMask = 2147483647;
			files = (
			);
			inputPaths = (
			);
			name = "[CP] Check Pods Manifest.lock";
			outputPaths = (
			);
			runOnlyForDeploymentPostprocessing = 0;
			shellPath = /bin/sh;
			shellScript = "diff \"${PODS_ROOT}/../Podfile.lock\" \"${PODS_ROOT}/Manifest.lock\" > /dev/null\nif [ $? != 0 ] ; then\n    # print error to STDERR\n    echo \"error: The sandbox is not in sync with the Podfile.lock. Run 'pod install' or update your CocoaPods installation.\" >&2\n    exit 1\nfi\n";
			showEnvVarsInLog = 0;
		};
		DFAA5EA16DDB63BA4E447184 /* [CP] Embed Pods Frameworks */ = {
			isa = PBXShellScriptBuildPhase;
			buildActionMask = 2147483647;
			files = (
			);
			inputPaths = (
			);
			name = "[CP] Embed Pods Frameworks";
			outputPaths = (
			);
			runOnlyForDeploymentPostprocessing = 0;
			shellPath = /bin/sh;
			shellScript = "\"${SRCROOT}/Pods/Target Support Files/Pods-Memo/Pods-Memo-frameworks.sh\"\n";
			showEnvVarsInLog = 0;
		};
/* End PBXShellScriptBuildPhase section */

/* Begin PBXSourcesBuildPhase section */
		B50F936F1D8A396800742FA0 /* Sources */ = {
			isa = PBXSourcesBuildPhase;
			buildActionMask = 2147483647;
			files = (
				B5A080EE1D935C0F00DDA164 /* ModesBridge.swift in Sources */,
				B5EFB8901D8A486C00BF1F9B /* GroupListViewController.swift in Sources */,
				B58BC0A91D9A0E5C00F857BD /* Array+Stec.swift in Sources */,
				B5EFB8781D8A448A00BF1F9B /* KeyboardMan.swift in Sources */,
				B5BB985B1D8D71AD005DF013 /* RNInterface.m in Sources */,
				B58BC0BF1D9A0E5C00F857BD /* UIViewcontroller+Stec.swift in Sources */,
				B5BB98581D8D7180005DF013 /* RNHelper.swift in Sources */,
				B5EFB8AF1D8AEDBE00BF1F9B /* Models.swift in Sources */,
				B5EFB83F1D8A416A00BF1F9B /* AttributeStringMaker.swift in Sources */,
				B5EFB8921D8A486C00BF1F9B /* KnowlageListViewController.swift in Sources */,
				B58BC0B71D9A0E5C00F857BD /* UIImageView+Stec.swift in Sources */,
				B5EFB8A81D8A702800BF1F9B /* CustomTableCells.swift in Sources */,
				B58BC0BD1D9A0E5C00F857BD /* UIView+Smart.swift in Sources */,
				B58BC0BB1D9A0E5C00F857BD /* UITabBar+Stec.swift in Sources */,
				B58BC0B91D9A0E5C00F857BD /* UINavigationBar+Stec.swift in Sources */,
				B5EFB8911D8A486C00BF1F9B /* KnowlageDetailViewController.swift in Sources */,
				B58BC0AD1D9A0E5C00F857BD /* NSDate+Stec.swift in Sources */,
				B58BC0B21D9A0E5C00F857BD /* String+Value.swift in Sources */,
				B5EFB87A1D8A44A000BF1F9B /* Async.swift in Sources */,
				B58BC0B81D9A0E5C00F857BD /* UILabel+Stec.swift in Sources */,
				B5EFB87C1D8A44B700BF1F9B /* Reachability.swift in Sources */,
				B5F6D6491D8FB70F0063DCF5 /* UncaughtExceptionHandler.m in Sources */,
				B5D70EFF1D8BD46B00EEE0F9 /* Bootstrap.swift in Sources */,
				B58BC0AE1D9A0E5C00F857BD /* NSObject+Stec.swift in Sources */,
				B58BC0B11D9A0E5C00F857BD /* String+Stec.swift in Sources */,
				B58BC0AF1D9A0E5C00F857BD /* String+FileExtension.swift in Sources */,
				B50F93A91D8A3A1500742FA0 /* AppDelegate.swift in Sources */,
				B58BC0B41D9A0E5C00F857BD /* UICollectionView+Stec.swift in Sources */,
				B58BC0AA1D9A0E5C00F857BD /* CALayer+Stec.swift in Sources */,
				B5EFB8AC1D8A7AC100BF1F9B /* SimpleCustomViews.swift in Sources */,
				B5A080EA1D934FF200DDA164 /* DataTools.swift in Sources */,
				B58BC0BC1D9A0E5C00F857BD /* UITableView+Smart.swift in Sources */,
				B58BC0BA1D9A0E5C00F857BD /* UIScrollView+Stec.swift in Sources */,
				B5EFB89E1D8A4C1100BF1F9B /* BasicCollectionCell.swift in Sources */,
				B58BC0AC1D9A0E5C00F857BD /* Int64+Stec.swift in Sources */,
				B58BC0B01D9A0E5C00F857BD /* String+Smart.swift in Sources */,
				B58BC02D1D9A080800F857BD /* Configs.swift in Sources */,
				B5EFB8941D8A491300BF1F9B /* BaseNavigationController.swift in Sources */,
				B5EFB83D1D8A415900BF1F9B /* BaseViewController.swift in Sources */,
				B5EFB88A1D8A476B00BF1F9B /* SmartTask.swift in Sources */,
				B58BC0BE1D9A0E5C00F857BD /* UIView+Stec.swift in Sources */,
				B58BC0B61D9A0E5C00F857BD /* UIImage+Stec.swift in Sources */,
				B58BC0B51D9A0E5C00F857BD /* UIColor+Smart.swift in Sources */,
				B58BC0B31D9A0E5C00F857BD /* UIButton+Smart.swift in Sources */,
				B58BC0AB1D9A0E5C00F857BD /* CGFloat+Stec.swift in Sources */,
			);
			runOnlyForDeploymentPostprocessing = 0;
		};
		B50F93831D8A396800742FA0 /* Sources */ = {
			isa = PBXSourcesBuildPhase;
			buildActionMask = 2147483647;
			files = (
				B50F938C1D8A396800742FA0 /* MemoTests.swift in Sources */,
			);
			runOnlyForDeploymentPostprocessing = 0;
		};
		B50F938E1D8A396800742FA0 /* Sources */ = {
			isa = PBXSourcesBuildPhase;
			buildActionMask = 2147483647;
			files = (
				B50F93971D8A396800742FA0 /* MemoUITests.swift in Sources */,
			);
			runOnlyForDeploymentPostprocessing = 0;
		};
		B560FF401D90B0F700AC6AF0 /* Sources */ = {
			isa = PBXSourcesBuildPhase;
			buildActionMask = 2147483647;
			files = (
				B58BC0C01D9A0E8600F857BD /* Array+Stec.swift in Sources */,
				B5A080EF1D935C1A00DDA164 /* ModesBridge.swift in Sources */,
				B5A080ED1D93529A00DDA164 /* Bootstrap.swift in Sources */,
				B5A080EB1D93525A00DDA164 /* DataTools.swift in Sources */,
				B5A080E71D934F9F00DDA164 /* Models.swift in Sources */,
				B52192EB1D9210510024271E /* ShareViewController.swift in Sources */,
			);
			runOnlyForDeploymentPostprocessing = 0;
		};
		B58BC04B1D9A0A8D00F857BD /* Sources */ = {
			isa = PBXSourcesBuildPhase;
			buildActionMask = 2147483647;
			files = (
			);
			runOnlyForDeploymentPostprocessing = 0;
		};
		B5A081061D9367ED00DDA164 /* Sources */ = {
			isa = PBXSourcesBuildPhase;
			buildActionMask = 2147483647;
			files = (
				B58BC0C11D9A0E8C00F857BD /* Array+Stec.swift in Sources */,
				B5A0811E1D936ACE00DDA164 /* ModesBridge.swift in Sources */,
				B5A0811D1D9369E900DDA164 /* Models.swift in Sources */,
				B5A0811B1D9369D900DDA164 /* DataTools.swift in Sources */,
				B5A0811C1D9369D900DDA164 /* Bootstrap.swift in Sources */,
				B5A0810F1D9367ED00DDA164 /* TodayViewController.swift in Sources */,
			);
			runOnlyForDeploymentPostprocessing = 0;
		};
/* End PBXSourcesBuildPhase section */

/* Begin PBXTargetDependency section */
		B50F93891D8A396800742FA0 /* PBXTargetDependency */ = {
			isa = PBXTargetDependency;
			target = B50F93721D8A396800742FA0 /* Memo */;
			targetProxy = B50F93881D8A396800742FA0 /* PBXContainerItemProxy */;
		};
		B50F93941D8A396800742FA0 /* PBXTargetDependency */ = {
			isa = PBXTargetDependency;
			target = B50F93721D8A396800742FA0 /* Memo */;
			targetProxy = B50F93931D8A396800742FA0 /* PBXContainerItemProxy */;
		};
		B560FF4D1D90B0F700AC6AF0 /* PBXTargetDependency */ = {
			isa = PBXTargetDependency;
			target = B560FF431D90B0F700AC6AF0 /* ShareExtension */;
			targetProxy = B560FF4C1D90B0F700AC6AF0 /* PBXContainerItemProxy */;
		};
		B58BC0561D9A0A8D00F857BD /* PBXTargetDependency */ = {
			isa = PBXTargetDependency;
			target = B58BC04F1D9A0A8D00F857BD /* MemoFoundation */;
			targetProxy = B58BC0551D9A0A8D00F857BD /* PBXContainerItemProxy */;
		};
		B58BC05D1D9A0AA700F857BD /* PBXTargetDependency */ = {
			isa = PBXTargetDependency;
			target = B58BC04F1D9A0A8D00F857BD /* MemoFoundation */;
			targetProxy = B58BC05C1D9A0AA700F857BD /* PBXContainerItemProxy */;
		};
		B58BC05F1D9A0AD700F857BD /* PBXTargetDependency */ = {
			isa = PBXTargetDependency;
			target = B58BC04F1D9A0A8D00F857BD /* MemoFoundation */;
			targetProxy = B58BC05E1D9A0AD700F857BD /* PBXContainerItemProxy */;
		};
		B5A081151D9367ED00DDA164 /* PBXTargetDependency */ = {
			isa = PBXTargetDependency;
			target = B5A081091D9367ED00DDA164 /* TodayExtension */;
			targetProxy = B5A081141D9367ED00DDA164 /* PBXContainerItemProxy */;
		};
/* End PBXTargetDependency section */

/* Begin PBXVariantGroup section */
		B50F937F1D8A396800742FA0 /* LaunchScreen.storyboard */ = {
			isa = PBXVariantGroup;
			children = (
				B50F93801D8A396800742FA0 /* Base */,
			);
			name = LaunchScreen.storyboard;
			sourceTree = "<group>";
		};
		B560FF481D90B0F700AC6AF0 /* MainInterface.storyboard */ = {
			isa = PBXVariantGroup;
			children = (
				B560FF491D90B0F700AC6AF0 /* Base */,
			);
			name = MainInterface.storyboard;
			sourceTree = "<group>";
		};
		B5A081101D9367ED00DDA164 /* MainInterface.storyboard */ = {
			isa = PBXVariantGroup;
			children = (
				B5A081111D9367ED00DDA164 /* Base */,
			);
			name = MainInterface.storyboard;
			sourceTree = "<group>";
		};
/* End PBXVariantGroup section */

/* Begin XCBuildConfiguration section */
		B50F93991D8A396800742FA0 /* Debug */ = {
			isa = XCBuildConfiguration;
			buildSettings = {
				ALWAYS_SEARCH_USER_PATHS = NO;
				CLANG_ANALYZER_NONNULL = YES;
				CLANG_CXX_LANGUAGE_STANDARD = "gnu++0x";
				CLANG_CXX_LIBRARY = "libc++";
				CLANG_ENABLE_MODULES = YES;
				CLANG_ENABLE_OBJC_ARC = YES;
				CLANG_WARN_BOOL_CONVERSION = YES;
				CLANG_WARN_CONSTANT_CONVERSION = YES;
				CLANG_WARN_DIRECT_OBJC_ISA_USAGE = YES_ERROR;
				CLANG_WARN_EMPTY_BODY = YES;
				CLANG_WARN_ENUM_CONVERSION = YES;
				CLANG_WARN_INT_CONVERSION = YES;
				CLANG_WARN_OBJC_ROOT_CLASS = YES_ERROR;
				CLANG_WARN_UNREACHABLE_CODE = YES;
				CLANG_WARN__DUPLICATE_METHOD_MATCH = YES;
				CODE_SIGN_IDENTITY = "iPhone Distribution: Azen Xu (L9R8GRVYKZ)";
				"CODE_SIGN_IDENTITY[sdk=iphoneos*]" = "iPhone Distribution: Azen Xu (L9R8GRVYKZ)";
				COPY_PHASE_STRIP = NO;
				DEBUG_INFORMATION_FORMAT = dwarf;
				DEFINES_MODULE = NO;
				ENABLE_STRICT_OBJC_MSGSEND = YES;
				ENABLE_TESTABILITY = YES;
				GCC_C_LANGUAGE_STANDARD = gnu99;
				GCC_DYNAMIC_NO_PIC = NO;
				GCC_NO_COMMON_BLOCKS = YES;
				GCC_OPTIMIZATION_LEVEL = 0;
				GCC_PREPROCESSOR_DEFINITIONS = (
					"DEBUG=1",
					"$(inherited)",
				);
				GCC_WARN_64_TO_32_BIT_CONVERSION = YES;
				GCC_WARN_ABOUT_RETURN_TYPE = YES_ERROR;
				GCC_WARN_UNDECLARED_SELECTOR = YES;
				GCC_WARN_UNINITIALIZED_AUTOS = YES_AGGRESSIVE;
				GCC_WARN_UNUSED_FUNCTION = YES;
				GCC_WARN_UNUSED_VARIABLE = YES;
				IPHONEOS_DEPLOYMENT_TARGET = 9.3;
				MTL_ENABLE_DEBUG_INFO = YES;
				ONLY_ACTIVE_ARCH = YES;
				PRODUCT_NAME = "";
				PROVISIONING_PROFILE = "b2eb5c28-5a0b-48cd-ad7e-98f4025bb073";
				SDKROOT = iphoneos;
				SWIFT_OPTIMIZATION_LEVEL = "-Onone";
			};
			name = Debug;
		};
		B50F939A1D8A396800742FA0 /* Release */ = {
			isa = XCBuildConfiguration;
			buildSettings = {
				ALWAYS_SEARCH_USER_PATHS = NO;
				CLANG_ANALYZER_NONNULL = YES;
				CLANG_CXX_LANGUAGE_STANDARD = "gnu++0x";
				CLANG_CXX_LIBRARY = "libc++";
				CLANG_ENABLE_MODULES = YES;
				CLANG_ENABLE_OBJC_ARC = YES;
				CLANG_WARN_BOOL_CONVERSION = YES;
				CLANG_WARN_CONSTANT_CONVERSION = YES;
				CLANG_WARN_DIRECT_OBJC_ISA_USAGE = YES_ERROR;
				CLANG_WARN_EMPTY_BODY = YES;
				CLANG_WARN_ENUM_CONVERSION = YES;
				CLANG_WARN_INT_CONVERSION = YES;
				CLANG_WARN_OBJC_ROOT_CLASS = YES_ERROR;
				CLANG_WARN_UNREACHABLE_CODE = YES;
				CLANG_WARN__DUPLICATE_METHOD_MATCH = YES;
				CODE_SIGN_IDENTITY = "iPhone Distribution: Azen Xu (L9R8GRVYKZ)";
				"CODE_SIGN_IDENTITY[sdk=iphoneos*]" = "iPhone Distribution: Azen Xu (L9R8GRVYKZ)";
				COPY_PHASE_STRIP = NO;
				DEBUG_INFORMATION_FORMAT = "dwarf-with-dsym";
				DEFINES_MODULE = NO;
				ENABLE_NS_ASSERTIONS = NO;
				ENABLE_STRICT_OBJC_MSGSEND = YES;
				GCC_C_LANGUAGE_STANDARD = gnu99;
				GCC_NO_COMMON_BLOCKS = YES;
				GCC_WARN_64_TO_32_BIT_CONVERSION = YES;
				GCC_WARN_ABOUT_RETURN_TYPE = YES_ERROR;
				GCC_WARN_UNDECLARED_SELECTOR = YES;
				GCC_WARN_UNINITIALIZED_AUTOS = YES_AGGRESSIVE;
				GCC_WARN_UNUSED_FUNCTION = YES;
				GCC_WARN_UNUSED_VARIABLE = YES;
				IPHONEOS_DEPLOYMENT_TARGET = 9.3;
				MTL_ENABLE_DEBUG_INFO = NO;
				PRODUCT_NAME = "";
				PROVISIONING_PROFILE = "b2eb5c28-5a0b-48cd-ad7e-98f4025bb073";
				SDKROOT = iphoneos;
				VALIDATE_PRODUCT = YES;
			};
			name = Release;
		};
		B50F939C1D8A396800742FA0 /* Debug */ = {
			isa = XCBuildConfiguration;
			baseConfigurationReference = B53D945A8FC09B19633F8121 /* Pods-Memo.debug.xcconfig */;
			buildSettings = {
				ASSETCATALOG_COMPILER_APPICON_NAME = AppIcon;
				CODE_SIGN_ENTITLEMENTS = Memo/Memo.entitlements;
				CODE_SIGN_IDENTITY = "iPhone Developer";
				"CODE_SIGN_IDENTITY[sdk=iphoneos*]" = "iPhone Developer";
				DEFINES_MODULE = NO;
				EMBEDDED_CONTENT_CONTAINS_SWIFT = YES;
				INFOPLIST_FILE = Memo/Info.plist;
				IPHONEOS_DEPLOYMENT_TARGET = 8.0;
				LD_RUNPATH_SEARCH_PATHS = "$(inherited) @executable_path/Frameworks";
				PRODUCT_BUNDLE_IDENTIFIER = com.azen.MemoBean;
				PRODUCT_NAME = "$(TARGET_NAME)";
				PROVISIONING_PROFILE = "";
				SWIFT_OBJC_BRIDGING_HEADER = "${SRCROOT}/Memo/Bridging-Header.h";
				USER_HEADER_SEARCH_PATHS = "${SRCROOT}/ReactComponent/node_modules/react-native-code-push/ios/CodePush/** ${SRCROOT}/ReactComponent/node_modules/react-native/**";
			};
			name = Debug;
		};
		B50F939D1D8A396800742FA0 /* Release */ = {
			isa = XCBuildConfiguration;
			baseConfigurationReference = 07B9F9578485EA692D685DF6 /* Pods-Memo.release.xcconfig */;
			buildSettings = {
				ASSETCATALOG_COMPILER_APPICON_NAME = AppIcon;
				CODE_SIGN_ENTITLEMENTS = Memo/Memo.entitlements;
				CODE_SIGN_IDENTITY = "iPhone Developer";
				"CODE_SIGN_IDENTITY[sdk=iphoneos*]" = "iPhone Developer";
				DEFINES_MODULE = NO;
				EMBEDDED_CONTENT_CONTAINS_SWIFT = YES;
				INFOPLIST_FILE = Memo/Info.plist;
				IPHONEOS_DEPLOYMENT_TARGET = 8.0;
				LD_RUNPATH_SEARCH_PATHS = "$(inherited) @executable_path/Frameworks";
				PRODUCT_BUNDLE_IDENTIFIER = com.azen.MemoBean;
				PRODUCT_NAME = "$(TARGET_NAME)";
				PROVISIONING_PROFILE = "";
				SWIFT_OBJC_BRIDGING_HEADER = "${SRCROOT}/Memo/Bridging-Header.h";
				USER_HEADER_SEARCH_PATHS = "${SRCROOT}/ReactComponent/node_modules/react-native-code-push/ios/CodePush/** ${SRCROOT}/ReactComponent/node_modules/react-native/**";
			};
			name = Release;
		};
		B50F939F1D8A396800742FA0 /* Debug */ = {
			isa = XCBuildConfiguration;
			buildSettings = {
				BUNDLE_LOADER = "$(TEST_HOST)";
				INFOPLIST_FILE = MemoTests/Info.plist;
				LD_RUNPATH_SEARCH_PATHS = "$(inherited) @executable_path/Frameworks @loader_path/Frameworks";
				PRODUCT_BUNDLE_IDENTIFIER = com.azen.MemoTests;
				PRODUCT_NAME = "$(TARGET_NAME)";
				TEST_HOST = "$(BUILT_PRODUCTS_DIR)/Memo.app/Memo";
			};
			name = Debug;
		};
		B50F93A01D8A396800742FA0 /* Release */ = {
			isa = XCBuildConfiguration;
			buildSettings = {
				BUNDLE_LOADER = "$(TEST_HOST)";
				INFOPLIST_FILE = MemoTests/Info.plist;
				LD_RUNPATH_SEARCH_PATHS = "$(inherited) @executable_path/Frameworks @loader_path/Frameworks";
				PRODUCT_BUNDLE_IDENTIFIER = com.azen.MemoTests;
				PRODUCT_NAME = "$(TARGET_NAME)";
				TEST_HOST = "$(BUILT_PRODUCTS_DIR)/Memo.app/Memo";
			};
			name = Release;
		};
		B50F93A21D8A396800742FA0 /* Debug */ = {
			isa = XCBuildConfiguration;
			buildSettings = {
				INFOPLIST_FILE = MemoUITests/Info.plist;
				LD_RUNPATH_SEARCH_PATHS = "$(inherited) @executable_path/Frameworks @loader_path/Frameworks";
				PRODUCT_BUNDLE_IDENTIFIER = com.azen.MemoUITests;
				PRODUCT_NAME = "$(TARGET_NAME)";
				TEST_TARGET_NAME = Memo;
			};
			name = Debug;
		};
		B50F93A31D8A396800742FA0 /* Release */ = {
			isa = XCBuildConfiguration;
			buildSettings = {
				INFOPLIST_FILE = MemoUITests/Info.plist;
				LD_RUNPATH_SEARCH_PATHS = "$(inherited) @executable_path/Frameworks @loader_path/Frameworks";
				PRODUCT_BUNDLE_IDENTIFIER = com.azen.MemoUITests;
				PRODUCT_NAME = "$(TARGET_NAME)";
				TEST_TARGET_NAME = Memo;
			};
			name = Release;
		};
		B560FF501D90B0F700AC6AF0 /* Debug */ = {
			isa = XCBuildConfiguration;
			baseConfigurationReference = 933C3F0F0711832F8191AC7B /* Pods-ShareExtension.debug.xcconfig */;
			buildSettings = {
				CODE_SIGN_ENTITLEMENTS = ShareExtension/ShareExtension.entitlements;
				CODE_SIGN_IDENTITY = "iPhone Developer";
				"CODE_SIGN_IDENTITY[sdk=iphoneos*]" = "iPhone Developer";
				INFOPLIST_FILE = ShareExtension/Info.plist;
				IPHONEOS_DEPLOYMENT_TARGET = 8.0;
				LD_RUNPATH_SEARCH_PATHS = "$(inherited) @executable_path/Frameworks @executable_path/../../Frameworks";
				PRODUCT_BUNDLE_IDENTIFIER = com.azen.MemoBean.ShareExtension;
				PRODUCT_NAME = "$(TARGET_NAME)";
				PROVISIONING_PROFILE = "";
				SKIP_INSTALL = YES;
			};
			name = Debug;
		};
		B560FF511D90B0F700AC6AF0 /* Release */ = {
			isa = XCBuildConfiguration;
			baseConfigurationReference = 1393E4832991D14A1533D08D /* Pods-ShareExtension.release.xcconfig */;
			buildSettings = {
				CODE_SIGN_ENTITLEMENTS = ShareExtension/ShareExtension.entitlements;
				CODE_SIGN_IDENTITY = "iPhone Developer";
				"CODE_SIGN_IDENTITY[sdk=iphoneos*]" = "iPhone Developer";
				INFOPLIST_FILE = ShareExtension/Info.plist;
				IPHONEOS_DEPLOYMENT_TARGET = 8.0;
				LD_RUNPATH_SEARCH_PATHS = "$(inherited) @executable_path/Frameworks @executable_path/../../Frameworks";
				PRODUCT_BUNDLE_IDENTIFIER = com.azen.MemoBean.ShareExtension;
				PRODUCT_NAME = "$(TARGET_NAME)";
				PROVISIONING_PROFILE = "";
				SKIP_INSTALL = YES;
			};
			name = Release;
		};
		B58BC05A1D9A0A8D00F857BD /* Debug */ = {
			isa = XCBuildConfiguration;
			baseConfigurationReference = 442AF7693E63CCB73DF184AF /* Pods-MemoFoundation.debug.xcconfig */;
			buildSettings = {
				APPLICATION_EXTENSION_API_ONLY = YES;
				CODE_SIGN_IDENTITY = "iPhone Developer";
				"CODE_SIGN_IDENTITY[sdk=iphoneos*]" = "iPhone Developer";
				CURRENT_PROJECT_VERSION = 1;
				DEFINES_MODULE = YES;
				DYLIB_COMPATIBILITY_VERSION = 1;
				DYLIB_CURRENT_VERSION = 1;
				DYLIB_INSTALL_NAME_BASE = "@rpath";
				INFOPLIST_FILE = MemoFoundation/Info.plist;
				INSTALL_PATH = "$(LOCAL_LIBRARY_DIR)/Frameworks";
				IPHONEOS_DEPLOYMENT_TARGET = 8.0;
				LD_RUNPATH_SEARCH_PATHS = "$(inherited) @executable_path/Frameworks @loader_path/Frameworks";
				PRODUCT_BUNDLE_IDENTIFIER = com.azen.MemoFoundation;
				PRODUCT_NAME = "$(TARGET_NAME)";
				SKIP_INSTALL = YES;
				TARGETED_DEVICE_FAMILY = "1,2";
				VERSIONING_SYSTEM = "apple-generic";
				VERSION_INFO_PREFIX = "";
			};
			name = Debug;
		};
		B58BC05B1D9A0A8D00F857BD /* Release */ = {
			isa = XCBuildConfiguration;
			baseConfigurationReference = 9BD6E1A620F80BF6D2EA0D41 /* Pods-MemoFoundation.release.xcconfig */;
			buildSettings = {
				APPLICATION_EXTENSION_API_ONLY = YES;
				CODE_SIGN_IDENTITY = "iPhone Developer";
				"CODE_SIGN_IDENTITY[sdk=iphoneos*]" = "iPhone Developer";
				CURRENT_PROJECT_VERSION = 1;
				DEFINES_MODULE = YES;
				DYLIB_COMPATIBILITY_VERSION = 1;
				DYLIB_CURRENT_VERSION = 1;
				DYLIB_INSTALL_NAME_BASE = "@rpath";
				INFOPLIST_FILE = MemoFoundation/Info.plist;
				INSTALL_PATH = "$(LOCAL_LIBRARY_DIR)/Frameworks";
				IPHONEOS_DEPLOYMENT_TARGET = 8.0;
				LD_RUNPATH_SEARCH_PATHS = "$(inherited) @executable_path/Frameworks @loader_path/Frameworks";
				PRODUCT_BUNDLE_IDENTIFIER = com.azen.MemoFoundation;
				PRODUCT_NAME = "$(TARGET_NAME)";
				SKIP_INSTALL = YES;
				TARGETED_DEVICE_FAMILY = "1,2";
				VERSIONING_SYSTEM = "apple-generic";
				VERSION_INFO_PREFIX = "";
			};
			name = Release;
		};
		B5A081171D9367EE00DDA164 /* Debug */ = {
			isa = XCBuildConfiguration;
			baseConfigurationReference = D72A689B4E0D867F8B171233 /* Pods-TodayExtension.debug.xcconfig */;
			buildSettings = {
				CODE_SIGN_ENTITLEMENTS = TodayExtension/TodayExtension.entitlements;
				CODE_SIGN_IDENTITY = "iPhone Developer";
				"CODE_SIGN_IDENTITY[sdk=iphoneos*]" = "iPhone Developer";
				INFOPLIST_FILE = TodayExtension/Info.plist;
				IPHONEOS_DEPLOYMENT_TARGET = 8.0;
				LD_RUNPATH_SEARCH_PATHS = "$(inherited) @executable_path/Frameworks @executable_path/../../Frameworks";
				PRODUCT_BUNDLE_IDENTIFIER = com.azen.MemoBean.TodayExtension;
				PRODUCT_NAME = "$(TARGET_NAME)";
				PROVISIONING_PROFILE = "";
				SKIP_INSTALL = YES;
			};
			name = Debug;
		};
		B5A081181D9367EE00DDA164 /* Release */ = {
			isa = XCBuildConfiguration;
			baseConfigurationReference = F1D54D39735F06B1231FD58C /* Pods-TodayExtension.release.xcconfig */;
			buildSettings = {
				CODE_SIGN_ENTITLEMENTS = TodayExtension/TodayExtension.entitlements;
				CODE_SIGN_IDENTITY = "iPhone Developer";
				"CODE_SIGN_IDENTITY[sdk=iphoneos*]" = "iPhone Developer";
				INFOPLIST_FILE = TodayExtension/Info.plist;
				IPHONEOS_DEPLOYMENT_TARGET = 8.0;
				LD_RUNPATH_SEARCH_PATHS = "$(inherited) @executable_path/Frameworks @executable_path/../../Frameworks";
				PRODUCT_BUNDLE_IDENTIFIER = com.azen.MemoBean.TodayExtension;
				PRODUCT_NAME = "$(TARGET_NAME)";
				PROVISIONING_PROFILE = "";
				SKIP_INSTALL = YES;
			};
			name = Release;
		};
/* End XCBuildConfiguration section */

/* Begin XCConfigurationList section */
		B50F936E1D8A396800742FA0 /* Build configuration list for PBXProject "Memo" */ = {
			isa = XCConfigurationList;
			buildConfigurations = (
				B50F93991D8A396800742FA0 /* Debug */,
				B50F939A1D8A396800742FA0 /* Release */,
			);
			defaultConfigurationIsVisible = 0;
			defaultConfigurationName = Release;
		};
		B50F939B1D8A396800742FA0 /* Build configuration list for PBXNativeTarget "Memo" */ = {
			isa = XCConfigurationList;
			buildConfigurations = (
				B50F939C1D8A396800742FA0 /* Debug */,
				B50F939D1D8A396800742FA0 /* Release */,
			);
			defaultConfigurationIsVisible = 0;
			defaultConfigurationName = Release;
		};
		B50F939E1D8A396800742FA0 /* Build configuration list for PBXNativeTarget "MemoTests" */ = {
			isa = XCConfigurationList;
			buildConfigurations = (
				B50F939F1D8A396800742FA0 /* Debug */,
				B50F93A01D8A396800742FA0 /* Release */,
			);
			defaultConfigurationIsVisible = 0;
			defaultConfigurationName = Release;
		};
		B50F93A11D8A396800742FA0 /* Build configuration list for PBXNativeTarget "MemoUITests" */ = {
			isa = XCConfigurationList;
			buildConfigurations = (
				B50F93A21D8A396800742FA0 /* Debug */,
				B50F93A31D8A396800742FA0 /* Release */,
			);
			defaultConfigurationIsVisible = 0;
			defaultConfigurationName = Release;
		};
		B560FF4F1D90B0F700AC6AF0 /* Build configuration list for PBXNativeTarget "ShareExtension" */ = {
			isa = XCConfigurationList;
			buildConfigurations = (
				B560FF501D90B0F700AC6AF0 /* Debug */,
				B560FF511D90B0F700AC6AF0 /* Release */,
			);
			defaultConfigurationIsVisible = 0;
			defaultConfigurationName = Release;
		};
		B58BC0591D9A0A8D00F857BD /* Build configuration list for PBXNativeTarget "MemoFoundation" */ = {
			isa = XCConfigurationList;
			buildConfigurations = (
				B58BC05A1D9A0A8D00F857BD /* Debug */,
				B58BC05B1D9A0A8D00F857BD /* Release */,
			);
			defaultConfigurationIsVisible = 0;
			defaultConfigurationName = Release;
		};
		B5A081191D9367EE00DDA164 /* Build configuration list for PBXNativeTarget "TodayExtension" */ = {
			isa = XCConfigurationList;
			buildConfigurations = (
				B5A081171D9367EE00DDA164 /* Debug */,
				B5A081181D9367EE00DDA164 /* Release */,
			);
			defaultConfigurationIsVisible = 0;
			defaultConfigurationName = Release;
		};
/* End XCConfigurationList section */
	};
	rootObject = B50F936B1D8A396800742FA0 /* Project object */;
}
