// !$*UTF8*$!
{
	archiveVersion = 1;
	classes = {
	};
	objectVersion = 46;
	objects = {

/* Begin PBXBuildFile section */
		7777461B26ED3C5D2D5C52BA /* Pods_MemoTests.framework in Frameworks */ = {isa = PBXBuildFile; fileRef = 39915125B65413618B61882B /* Pods_MemoTests.framework */; };
		B50F93791D8A396800742FA0 /* ViewController.swift in Sources */ = {isa = PBXBuildFile; fileRef = B50F93781D8A396800742FA0 /* ViewController.swift */; };
		B50F937E1D8A396800742FA0 /* Assets.xcassets in Resources */ = {isa = PBXBuildFile; fileRef = B50F937D1D8A396800742FA0 /* Assets.xcassets */; };
		B50F93811D8A396800742FA0 /* LaunchScreen.storyboard in Resources */ = {isa = PBXBuildFile; fileRef = B50F937F1D8A396800742FA0 /* LaunchScreen.storyboard */; };
		B50F938C1D8A396800742FA0 /* MemoTests.swift in Sources */ = {isa = PBXBuildFile; fileRef = B50F938B1D8A396800742FA0 /* MemoTests.swift */; };
		B50F93971D8A396800742FA0 /* MemoUITests.swift in Sources */ = {isa = PBXBuildFile; fileRef = B50F93961D8A396800742FA0 /* MemoUITests.swift */; };
		B50F93A91D8A3A1500742FA0 /* AppDelegate.swift in Sources */ = {isa = PBXBuildFile; fileRef = B50F93A81D8A3A1500742FA0 /* AppDelegate.swift */; };
		B5EFB83D1D8A415900BF1F9B /* BaseViewController.swift in Sources */ = {isa = PBXBuildFile; fileRef = B5EFB83A1D8A415900BF1F9B /* BaseViewController.swift */; };
		B5EFB83F1D8A416A00BF1F9B /* AttributeStringMaker.swift in Sources */ = {isa = PBXBuildFile; fileRef = B5EFB83E1D8A416A00BF1F9B /* AttributeStringMaker.swift */; };
		B5EFB85B1D8A41BC00BF1F9B /* Array+Stec.swift in Sources */ = {isa = PBXBuildFile; fileRef = B5EFB8411D8A41BC00BF1F9B /* Array+Stec.swift */; };
		B5EFB85C1D8A41BC00BF1F9B /* CALayer+Stec.swift in Sources */ = {isa = PBXBuildFile; fileRef = B5EFB8421D8A41BC00BF1F9B /* CALayer+Stec.swift */; };
		B5EFB85D1D8A41BC00BF1F9B /* CGFloat+Stec.swift in Sources */ = {isa = PBXBuildFile; fileRef = B5EFB8431D8A41BC00BF1F9B /* CGFloat+Stec.swift */; };
		B5EFB85E1D8A41BC00BF1F9B /* Int64+Stec.swift in Sources */ = {isa = PBXBuildFile; fileRef = B5EFB8441D8A41BC00BF1F9B /* Int64+Stec.swift */; };
		B5EFB8611D8A41BC00BF1F9B /* NSDate+Stec.swift in Sources */ = {isa = PBXBuildFile; fileRef = B5EFB8471D8A41BC00BF1F9B /* NSDate+Stec.swift */; };
		B5EFB8621D8A41BC00BF1F9B /* NSObject+Stec.swift in Sources */ = {isa = PBXBuildFile; fileRef = B5EFB8481D8A41BC00BF1F9B /* NSObject+Stec.swift */; };
		B5EFB8641D8A41BC00BF1F9B /* String+FileExtension.swift in Sources */ = {isa = PBXBuildFile; fileRef = B5EFB84A1D8A41BC00BF1F9B /* String+FileExtension.swift */; };
		B5EFB8651D8A41BC00BF1F9B /* String+Stec.swift in Sources */ = {isa = PBXBuildFile; fileRef = B5EFB84B1D8A41BC00BF1F9B /* String+Stec.swift */; };
		B5EFB8661D8A41BC00BF1F9B /* String+Value.swift in Sources */ = {isa = PBXBuildFile; fileRef = B5EFB84C1D8A41BC00BF1F9B /* String+Value.swift */; };
		B5EFB8681D8A41BC00BF1F9B /* UICollectionView+Stec.swift in Sources */ = {isa = PBXBuildFile; fileRef = B5EFB84E1D8A41BC00BF1F9B /* UICollectionView+Stec.swift */; };
		B5EFB86B1D8A41BC00BF1F9B /* UIImage+Stec.swift in Sources */ = {isa = PBXBuildFile; fileRef = B5EFB8511D8A41BC00BF1F9B /* UIImage+Stec.swift */; };
		B5EFB86C1D8A41BC00BF1F9B /* UIImageView+Stec.swift in Sources */ = {isa = PBXBuildFile; fileRef = B5EFB8521D8A41BC00BF1F9B /* UIImageView+Stec.swift */; };
		B5EFB86D1D8A41BC00BF1F9B /* UILabel+Stec.swift in Sources */ = {isa = PBXBuildFile; fileRef = B5EFB8531D8A41BC00BF1F9B /* UILabel+Stec.swift */; };
		B5EFB86E1D8A41BC00BF1F9B /* UINavigationBar+Stec.swift in Sources */ = {isa = PBXBuildFile; fileRef = B5EFB8541D8A41BC00BF1F9B /* UINavigationBar+Stec.swift */; };
		B5EFB86F1D8A41BC00BF1F9B /* UIScrollView+Stec.swift in Sources */ = {isa = PBXBuildFile; fileRef = B5EFB8551D8A41BC00BF1F9B /* UIScrollView+Stec.swift */; };
		B5EFB8701D8A41BC00BF1F9B /* UITabBar+Stec.swift in Sources */ = {isa = PBXBuildFile; fileRef = B5EFB8561D8A41BC00BF1F9B /* UITabBar+Stec.swift */; };
		B5EFB8721D8A41BC00BF1F9B /* UIView+Stec.swift in Sources */ = {isa = PBXBuildFile; fileRef = B5EFB8581D8A41BC00BF1F9B /* UIView+Stec.swift */; };
		B5EFB8731D8A41BC00BF1F9B /* UIViewcontroller+Stec.swift in Sources */ = {isa = PBXBuildFile; fileRef = B5EFB8591D8A41BC00BF1F9B /* UIViewcontroller+Stec.swift */; };
		B5EFB8781D8A448A00BF1F9B /* KeyboardMan.swift in Sources */ = {isa = PBXBuildFile; fileRef = B5EFB8771D8A448A00BF1F9B /* KeyboardMan.swift */; };
		B5EFB87A1D8A44A000BF1F9B /* Async.swift in Sources */ = {isa = PBXBuildFile; fileRef = B5EFB8791D8A44A000BF1F9B /* Async.swift */; };
		B5EFB87C1D8A44B700BF1F9B /* Reachability.swift in Sources */ = {isa = PBXBuildFile; fileRef = B5EFB87B1D8A44B700BF1F9B /* Reachability.swift */; };
		B5EFB8841D8A451500BF1F9B /* UIButton+Smart.swift in Sources */ = {isa = PBXBuildFile; fileRef = B5EFB87F1D8A451500BF1F9B /* UIButton+Smart.swift */; };
		B5EFB8851D8A451500BF1F9B /* UITableView+Smart.swift in Sources */ = {isa = PBXBuildFile; fileRef = B5EFB8801D8A451500BF1F9B /* UITableView+Smart.swift */; };
		B5EFB8861D8A451500BF1F9B /* String+Smart.swift in Sources */ = {isa = PBXBuildFile; fileRef = B5EFB8811D8A451500BF1F9B /* String+Smart.swift */; };
		B5EFB8871D8A451500BF1F9B /* UIColor+Smart.swift in Sources */ = {isa = PBXBuildFile; fileRef = B5EFB8821D8A451500BF1F9B /* UIColor+Smart.swift */; };
		B5EFB8881D8A451500BF1F9B /* UIView+Smart.swift in Sources */ = {isa = PBXBuildFile; fileRef = B5EFB8831D8A451500BF1F9B /* UIView+Smart.swift */; };
		B5EFB88A1D8A476B00BF1F9B /* SmartTask.swift in Sources */ = {isa = PBXBuildFile; fileRef = B5EFB8891D8A476B00BF1F9B /* SmartTask.swift */; };
		BCF5D46E49EF5064B5BB7B0E /* Pods_MemoUITests.framework in Frameworks */ = {isa = PBXBuildFile; fileRef = 6D82D01147CB0E643682B95E /* Pods_MemoUITests.framework */; };
		EBDB08065E5B9BE5278793A2 /* Pods_Memo.framework in Frameworks */ = {isa = PBXBuildFile; fileRef = F544942F459AF57E3F3823D1 /* Pods_Memo.framework */; };
/* End PBXBuildFile section */

/* Begin PBXContainerItemProxy section */
		B50F93881D8A396800742FA0 /* PBXContainerItemProxy */ = {
			isa = PBXContainerItemProxy;
			containerPortal = B50F936B1D8A396800742FA0 /* Project object */;
			proxyType = 1;
			remoteGlobalIDString = B50F93721D8A396800742FA0;
			remoteInfo = Memo;
		};
		B50F93931D8A396800742FA0 /* PBXContainerItemProxy */ = {
			isa = PBXContainerItemProxy;
			containerPortal = B50F936B1D8A396800742FA0 /* Project object */;
			proxyType = 1;
			remoteGlobalIDString = B50F93721D8A396800742FA0;
			remoteInfo = Memo;
		};
/* End PBXContainerItemProxy section */

/* Begin PBXFileReference section */
		39915125B65413618B61882B /* Pods_MemoTests.framework */ = {isa = PBXFileReference; explicitFileType = wrapper.framework; includeInIndex = 0; path = Pods_MemoTests.framework; sourceTree = BUILT_PRODUCTS_DIR; };
		6765DC0948BF38A212F5FCCC /* Pods-MemoTests.release.xcconfig */ = {isa = PBXFileReference; includeInIndex = 1; lastKnownFileType = text.xcconfig; name = "Pods-MemoTests.release.xcconfig"; path = "Pods/Target Support Files/Pods-MemoTests/Pods-MemoTests.release.xcconfig"; sourceTree = "<group>"; };
		6D82D01147CB0E643682B95E /* Pods_MemoUITests.framework */ = {isa = PBXFileReference; explicitFileType = wrapper.framework; includeInIndex = 0; path = Pods_MemoUITests.framework; sourceTree = BUILT_PRODUCTS_DIR; };
		B50F93731D8A396800742FA0 /* Memo.app */ = {isa = PBXFileReference; explicitFileType = wrapper.application; includeInIndex = 0; path = Memo.app; sourceTree = BUILT_PRODUCTS_DIR; };
		B50F93781D8A396800742FA0 /* ViewController.swift */ = {isa = PBXFileReference; lastKnownFileType = sourcecode.swift; path = ViewController.swift; sourceTree = "<group>"; };
		B50F937D1D8A396800742FA0 /* Assets.xcassets */ = {isa = PBXFileReference; lastKnownFileType = folder.assetcatalog; path = Assets.xcassets; sourceTree = "<group>"; };
		B50F93801D8A396800742FA0 /* Base */ = {isa = PBXFileReference; lastKnownFileType = file.storyboard; name = Base; path = Base.lproj/LaunchScreen.storyboard; sourceTree = "<group>"; };
		B50F93821D8A396800742FA0 /* Info.plist */ = {isa = PBXFileReference; lastKnownFileType = text.plist.xml; path = Info.plist; sourceTree = "<group>"; };
		B50F93871D8A396800742FA0 /* MemoTests.xctest */ = {isa = PBXFileReference; explicitFileType = wrapper.cfbundle; includeInIndex = 0; path = MemoTests.xctest; sourceTree = BUILT_PRODUCTS_DIR; };
		B50F938B1D8A396800742FA0 /* MemoTests.swift */ = {isa = PBXFileReference; lastKnownFileType = sourcecode.swift; path = MemoTests.swift; sourceTree = "<group>"; };
		B50F938D1D8A396800742FA0 /* Info.plist */ = {isa = PBXFileReference; lastKnownFileType = text.plist.xml; path = Info.plist; sourceTree = "<group>"; };
		B50F93921D8A396800742FA0 /* MemoUITests.xctest */ = {isa = PBXFileReference; explicitFileType = wrapper.cfbundle; includeInIndex = 0; path = MemoUITests.xctest; sourceTree = BUILT_PRODUCTS_DIR; };
		B50F93961D8A396800742FA0 /* MemoUITests.swift */ = {isa = PBXFileReference; lastKnownFileType = sourcecode.swift; path = MemoUITests.swift; sourceTree = "<group>"; };
		B50F93981D8A396800742FA0 /* Info.plist */ = {isa = PBXFileReference; lastKnownFileType = text.plist.xml; path = Info.plist; sourceTree = "<group>"; };
		B50F93A81D8A3A1500742FA0 /* AppDelegate.swift */ = {isa = PBXFileReference; fileEncoding = 4; lastKnownFileType = sourcecode.swift; path = AppDelegate.swift; sourceTree = "<group>"; };
		B5EFB83A1D8A415900BF1F9B /* BaseViewController.swift */ = {isa = PBXFileReference; fileEncoding = 4; lastKnownFileType = sourcecode.swift; path = BaseViewController.swift; sourceTree = "<group>"; };
		B5EFB83E1D8A416A00BF1F9B /* AttributeStringMaker.swift */ = {isa = PBXFileReference; fileEncoding = 4; lastKnownFileType = sourcecode.swift; path = AttributeStringMaker.swift; sourceTree = "<group>"; };
		B5EFB8411D8A41BC00BF1F9B /* Array+Stec.swift */ = {isa = PBXFileReference; fileEncoding = 4; lastKnownFileType = sourcecode.swift; path = "Array+Stec.swift"; sourceTree = "<group>"; };
		B5EFB8421D8A41BC00BF1F9B /* CALayer+Stec.swift */ = {isa = PBXFileReference; fileEncoding = 4; lastKnownFileType = sourcecode.swift; path = "CALayer+Stec.swift"; sourceTree = "<group>"; };
		B5EFB8431D8A41BC00BF1F9B /* CGFloat+Stec.swift */ = {isa = PBXFileReference; fileEncoding = 4; lastKnownFileType = sourcecode.swift; path = "CGFloat+Stec.swift"; sourceTree = "<group>"; };
		B5EFB8441D8A41BC00BF1F9B /* Int64+Stec.swift */ = {isa = PBXFileReference; fileEncoding = 4; lastKnownFileType = sourcecode.swift; path = "Int64+Stec.swift"; sourceTree = "<group>"; };
		B5EFB8471D8A41BC00BF1F9B /* NSDate+Stec.swift */ = {isa = PBXFileReference; fileEncoding = 4; lastKnownFileType = sourcecode.swift; path = "NSDate+Stec.swift"; sourceTree = "<group>"; };
		B5EFB8481D8A41BC00BF1F9B /* NSObject+Stec.swift */ = {isa = PBXFileReference; fileEncoding = 4; lastKnownFileType = sourcecode.swift; path = "NSObject+Stec.swift"; sourceTree = "<group>"; };
		B5EFB84A1D8A41BC00BF1F9B /* String+FileExtension.swift */ = {isa = PBXFileReference; fileEncoding = 4; lastKnownFileType = sourcecode.swift; path = "String+FileExtension.swift"; sourceTree = "<group>"; };
		B5EFB84B1D8A41BC00BF1F9B /* String+Stec.swift */ = {isa = PBXFileReference; fileEncoding = 4; lastKnownFileType = sourcecode.swift; path = "String+Stec.swift"; sourceTree = "<group>"; };
		B5EFB84C1D8A41BC00BF1F9B /* String+Value.swift */ = {isa = PBXFileReference; fileEncoding = 4; lastKnownFileType = sourcecode.swift; path = "String+Value.swift"; sourceTree = "<group>"; };
		B5EFB84E1D8A41BC00BF1F9B /* UICollectionView+Stec.swift */ = {isa = PBXFileReference; fileEncoding = 4; lastKnownFileType = sourcecode.swift; path = "UICollectionView+Stec.swift"; sourceTree = "<group>"; };
		B5EFB8511D8A41BC00BF1F9B /* UIImage+Stec.swift */ = {isa = PBXFileReference; fileEncoding = 4; lastKnownFileType = sourcecode.swift; path = "UIImage+Stec.swift"; sourceTree = "<group>"; };
		B5EFB8521D8A41BC00BF1F9B /* UIImageView+Stec.swift */ = {isa = PBXFileReference; fileEncoding = 4; lastKnownFileType = sourcecode.swift; path = "UIImageView+Stec.swift"; sourceTree = "<group>"; };
		B5EFB8531D8A41BC00BF1F9B /* UILabel+Stec.swift */ = {isa = PBXFileReference; fileEncoding = 4; lastKnownFileType = sourcecode.swift; path = "UILabel+Stec.swift"; sourceTree = "<group>"; };
		B5EFB8541D8A41BC00BF1F9B /* UINavigationBar+Stec.swift */ = {isa = PBXFileReference; fileEncoding = 4; lastKnownFileType = sourcecode.swift; path = "UINavigationBar+Stec.swift"; sourceTree = "<group>"; };
		B5EFB8551D8A41BC00BF1F9B /* UIScrollView+Stec.swift */ = {isa = PBXFileReference; fileEncoding = 4; lastKnownFileType = sourcecode.swift; path = "UIScrollView+Stec.swift"; sourceTree = "<group>"; };
		B5EFB8561D8A41BC00BF1F9B /* UITabBar+Stec.swift */ = {isa = PBXFileReference; fileEncoding = 4; lastKnownFileType = sourcecode.swift; path = "UITabBar+Stec.swift"; sourceTree = "<group>"; };
		B5EFB8581D8A41BC00BF1F9B /* UIView+Stec.swift */ = {isa = PBXFileReference; fileEncoding = 4; lastKnownFileType = sourcecode.swift; path = "UIView+Stec.swift"; sourceTree = "<group>"; };
		B5EFB8591D8A41BC00BF1F9B /* UIViewcontroller+Stec.swift */ = {isa = PBXFileReference; fileEncoding = 4; lastKnownFileType = sourcecode.swift; path = "UIViewcontroller+Stec.swift"; sourceTree = "<group>"; };
		B5EFB8771D8A448A00BF1F9B /* KeyboardMan.swift */ = {isa = PBXFileReference; fileEncoding = 4; lastKnownFileType = sourcecode.swift; path = KeyboardMan.swift; sourceTree = "<group>"; };
		B5EFB8791D8A44A000BF1F9B /* Async.swift */ = {isa = PBXFileReference; fileEncoding = 4; lastKnownFileType = sourcecode.swift; path = Async.swift; sourceTree = "<group>"; };
		B5EFB87B1D8A44B700BF1F9B /* Reachability.swift */ = {isa = PBXFileReference; fileEncoding = 4; lastKnownFileType = sourcecode.swift; path = Reachability.swift; sourceTree = "<group>"; };
		B5EFB87F1D8A451500BF1F9B /* UIButton+Smart.swift */ = {isa = PBXFileReference; fileEncoding = 4; lastKnownFileType = sourcecode.swift; path = "UIButton+Smart.swift"; sourceTree = "<group>"; };
		B5EFB8801D8A451500BF1F9B /* UITableView+Smart.swift */ = {isa = PBXFileReference; fileEncoding = 4; lastKnownFileType = sourcecode.swift; path = "UITableView+Smart.swift"; sourceTree = "<group>"; };
		B5EFB8811D8A451500BF1F9B /* String+Smart.swift */ = {isa = PBXFileReference; fileEncoding = 4; lastKnownFileType = sourcecode.swift; path = "String+Smart.swift"; sourceTree = "<group>"; };
		B5EFB8821D8A451500BF1F9B /* UIColor+Smart.swift */ = {isa = PBXFileReference; fileEncoding = 4; lastKnownFileType = sourcecode.swift; path = "UIColor+Smart.swift"; sourceTree = "<group>"; };
		B5EFB8831D8A451500BF1F9B /* UIView+Smart.swift */ = {isa = PBXFileReference; fileEncoding = 4; lastKnownFileType = sourcecode.swift; path = "UIView+Smart.swift"; sourceTree = "<group>"; };
		B5EFB8891D8A476B00BF1F9B /* SmartTask.swift */ = {isa = PBXFileReference; fileEncoding = 4; lastKnownFileType = sourcecode.swift; path = SmartTask.swift; sourceTree = "<group>"; };
		B74E746882D538C4C4F301CE /* Pods-MemoUITests.debug.xcconfig */ = {isa = PBXFileReference; includeInIndex = 1; lastKnownFileType = text.xcconfig; name = "Pods-MemoUITests.debug.xcconfig"; path = "Pods/Target Support Files/Pods-MemoUITests/Pods-MemoUITests.debug.xcconfig"; sourceTree = "<group>"; };
		BE58B5699B223BFB8DDCFC08 /* Pods-Memo.release.xcconfig */ = {isa = PBXFileReference; includeInIndex = 1; lastKnownFileType = text.xcconfig; name = "Pods-Memo.release.xcconfig"; path = "Pods/Target Support Files/Pods-Memo/Pods-Memo.release.xcconfig"; sourceTree = "<group>"; };
		D3A0FECFF33F493138E8451B /* Pods-MemoTests.debug.xcconfig */ = {isa = PBXFileReference; includeInIndex = 1; lastKnownFileType = text.xcconfig; name = "Pods-MemoTests.debug.xcconfig"; path = "Pods/Target Support Files/Pods-MemoTests/Pods-MemoTests.debug.xcconfig"; sourceTree = "<group>"; };
		EA8F85C20155838940AEC717 /* Pods-Memo.debug.xcconfig */ = {isa = PBXFileReference; includeInIndex = 1; lastKnownFileType = text.xcconfig; name = "Pods-Memo.debug.xcconfig"; path = "Pods/Target Support Files/Pods-Memo/Pods-Memo.debug.xcconfig"; sourceTree = "<group>"; };
		F544942F459AF57E3F3823D1 /* Pods_Memo.framework */ = {isa = PBXFileReference; explicitFileType = wrapper.framework; includeInIndex = 0; path = Pods_Memo.framework; sourceTree = BUILT_PRODUCTS_DIR; };
		FF9A33DDBD0538B06B6CDA84 /* Pods-MemoUITests.release.xcconfig */ = {isa = PBXFileReference; includeInIndex = 1; lastKnownFileType = text.xcconfig; name = "Pods-MemoUITests.release.xcconfig"; path = "Pods/Target Support Files/Pods-MemoUITests/Pods-MemoUITests.release.xcconfig"; sourceTree = "<group>"; };
/* End PBXFileReference section */

/* Begin PBXFrameworksBuildPhase section */
		B50F93701D8A396800742FA0 /* Frameworks */ = {
			isa = PBXFrameworksBuildPhase;
			buildActionMask = 2147483647;
			files = (
				EBDB08065E5B9BE5278793A2 /* Pods_Memo.framework in Frameworks */,
			);
			runOnlyForDeploymentPostprocessing = 0;
		};
		B50F93841D8A396800742FA0 /* Frameworks */ = {
			isa = PBXFrameworksBuildPhase;
			buildActionMask = 2147483647;
			files = (
				7777461B26ED3C5D2D5C52BA /* Pods_MemoTests.framework in Frameworks */,
			);
			runOnlyForDeploymentPostprocessing = 0;
		};
		B50F938F1D8A396800742FA0 /* Frameworks */ = {
			isa = PBXFrameworksBuildPhase;
			buildActionMask = 2147483647;
			files = (
				BCF5D46E49EF5064B5BB7B0E /* Pods_MemoUITests.framework in Frameworks */,
			);
			runOnlyForDeploymentPostprocessing = 0;
		};
/* End PBXFrameworksBuildPhase section */

/* Begin PBXGroup section */
		5EA8487BC2872610CB5B1759 /* Pods */ = {
			isa = PBXGroup;
			children = (
				EA8F85C20155838940AEC717 /* Pods-Memo.debug.xcconfig */,
				BE58B5699B223BFB8DDCFC08 /* Pods-Memo.release.xcconfig */,
				D3A0FECFF33F493138E8451B /* Pods-MemoTests.debug.xcconfig */,
				6765DC0948BF38A212F5FCCC /* Pods-MemoTests.release.xcconfig */,
				B74E746882D538C4C4F301CE /* Pods-MemoUITests.debug.xcconfig */,
				FF9A33DDBD0538B06B6CDA84 /* Pods-MemoUITests.release.xcconfig */,
			);
			name = Pods;
			sourceTree = "<group>";
		};
		79C54A3CE43E636BE277EB1B /* Frameworks */ = {
			isa = PBXGroup;
			children = (
				F544942F459AF57E3F3823D1 /* Pods_Memo.framework */,
				39915125B65413618B61882B /* Pods_MemoTests.framework */,
				6D82D01147CB0E643682B95E /* Pods_MemoUITests.framework */,
			);
			name = Frameworks;
			sourceTree = "<group>";
		};
		B50F936A1D8A396800742FA0 = {
			isa = PBXGroup;
			children = (
				B50F93751D8A396800742FA0 /* Memo */,
				B50F938A1D8A396800742FA0 /* MemoTests */,
				B50F93951D8A396800742FA0 /* MemoUITests */,
				B50F93741D8A396800742FA0 /* Products */,
				5EA8487BC2872610CB5B1759 /* Pods */,
				79C54A3CE43E636BE277EB1B /* Frameworks */,
			);
			sourceTree = "<group>";
		};
		B50F93741D8A396800742FA0 /* Products */ = {
			isa = PBXGroup;
			children = (
				B50F93731D8A396800742FA0 /* Memo.app */,
				B50F93871D8A396800742FA0 /* MemoTests.xctest */,
				B50F93921D8A396800742FA0 /* MemoUITests.xctest */,
			);
			name = Products;
			sourceTree = "<group>";
		};
		B50F93751D8A396800742FA0 /* Memo */ = {
			isa = PBXGroup;
			children = (
				B50F93A41D8A39FA00742FA0 /* Classes */,
				B50F93A51D8A39FA00742FA0 /* Common */,
				B50F93A61D8A39FA00742FA0 /* Configs */,
				B50F93A71D8A39FA00742FA0 /* Main */,
				B50F93781D8A396800742FA0 /* ViewController.swift */,
				B50F937D1D8A396800742FA0 /* Assets.xcassets */,
				B50F937F1D8A396800742FA0 /* LaunchScreen.storyboard */,
				B50F93821D8A396800742FA0 /* Info.plist */,
			);
			path = Memo;
			sourceTree = "<group>";
		};
		B50F938A1D8A396800742FA0 /* MemoTests */ = {
			isa = PBXGroup;
			children = (
				B50F938B1D8A396800742FA0 /* MemoTests.swift */,
				B50F938D1D8A396800742FA0 /* Info.plist */,
			);
			path = MemoTests;
			sourceTree = "<group>";
		};
		B50F93951D8A396800742FA0 /* MemoUITests */ = {
			isa = PBXGroup;
			children = (
				B50F93961D8A396800742FA0 /* MemoUITests.swift */,
				B50F93981D8A396800742FA0 /* Info.plist */,
			);
			path = MemoUITests;
			sourceTree = "<group>";
		};
		B50F93A41D8A39FA00742FA0 /* Classes */ = {
			isa = PBXGroup;
			children = (
			);
			path = Classes;
			sourceTree = "<group>";
		};
		B50F93A51D8A39FA00742FA0 /* Common */ = {
			isa = PBXGroup;
			children = (
				B5EFB8401D8A41BC00BF1F9B /* Extension */,
				B5EFB8391D8A415900BF1F9B /* Bases */,
				B5EFB83B1D8A415900BF1F9B /* Configs */,
				B5EFB83C1D8A415900BF1F9B /* Helpers */,
			);
			path = Common;
			sourceTree = "<group>";
		};
		B50F93A61D8A39FA00742FA0 /* Configs */ = {
			isa = PBXGroup;
			children = (
			);
			path = Configs;
			sourceTree = "<group>";
		};
		B50F93A71D8A39FA00742FA0 /* Main */ = {
			isa = PBXGroup;
			children = (
				B50F93A81D8A3A1500742FA0 /* AppDelegate.swift */,
			);
			path = Main;
			sourceTree = "<group>";
		};
		B5EFB8391D8A415900BF1F9B /* Bases */ = {
			isa = PBXGroup;
			children = (
				B5EFB83A1D8A415900BF1F9B /* BaseViewController.swift */,
			);
			path = Bases;
			sourceTree = "<group>";
		};
		B5EFB83B1D8A415900BF1F9B /* Configs */ = {
			isa = PBXGroup;
			children = (
			);
			path = Configs;
			sourceTree = "<group>";
		};
		B5EFB83C1D8A415900BF1F9B /* Helpers */ = {
			isa = PBXGroup;
			children = (
				B5EFB83E1D8A416A00BF1F9B /* AttributeStringMaker.swift */,
				B5EFB8771D8A448A00BF1F9B /* KeyboardMan.swift */,
				B5EFB8791D8A44A000BF1F9B /* Async.swift */,
				B5EFB87B1D8A44B700BF1F9B /* Reachability.swift */,
				B5EFB8891D8A476B00BF1F9B /* SmartTask.swift */,
			);
			path = Helpers;
			sourceTree = "<group>";
		};
		B5EFB8401D8A41BC00BF1F9B /* Extension */ = {
			isa = PBXGroup;
			children = (
				B5EFB87F1D8A451500BF1F9B /* UIButton+Smart.swift */,
				B5EFB8801D8A451500BF1F9B /* UITableView+Smart.swift */,
				B5EFB8811D8A451500BF1F9B /* String+Smart.swift */,
				B5EFB8821D8A451500BF1F9B /* UIColor+Smart.swift */,
				B5EFB8831D8A451500BF1F9B /* UIView+Smart.swift */,
				B5EFB8411D8A41BC00BF1F9B /* Array+Stec.swift */,
				B5EFB8421D8A41BC00BF1F9B /* CALayer+Stec.swift */,
				B5EFB8431D8A41BC00BF1F9B /* CGFloat+Stec.swift */,
				B5EFB8441D8A41BC00BF1F9B /* Int64+Stec.swift */,
				B5EFB8471D8A41BC00BF1F9B /* NSDate+Stec.swift */,
				B5EFB8481D8A41BC00BF1F9B /* NSObject+Stec.swift */,
				B5EFB84A1D8A41BC00BF1F9B /* String+FileExtension.swift */,
				B5EFB84B1D8A41BC00BF1F9B /* String+Stec.swift */,
				B5EFB84C1D8A41BC00BF1F9B /* String+Value.swift */,
				B5EFB84E1D8A41BC00BF1F9B /* UICollectionView+Stec.swift */,
				B5EFB8511D8A41BC00BF1F9B /* UIImage+Stec.swift */,
				B5EFB8521D8A41BC00BF1F9B /* UIImageView+Stec.swift */,
				B5EFB8531D8A41BC00BF1F9B /* UILabel+Stec.swift */,
				B5EFB8541D8A41BC00BF1F9B /* UINavigationBar+Stec.swift */,
				B5EFB8551D8A41BC00BF1F9B /* UIScrollView+Stec.swift */,
				B5EFB8561D8A41BC00BF1F9B /* UITabBar+Stec.swift */,
				B5EFB8581D8A41BC00BF1F9B /* UIView+Stec.swift */,
				B5EFB8591D8A41BC00BF1F9B /* UIViewcontroller+Stec.swift */,
			);
			path = Extension;
			sourceTree = "<group>";
		};
/* End PBXGroup section */

/* Begin PBXNativeTarget section */
		B50F93721D8A396800742FA0 /* Memo */ = {
			isa = PBXNativeTarget;
			buildConfigurationList = B50F939B1D8A396800742FA0 /* Build configuration list for PBXNativeTarget "Memo" */;
			buildPhases = (
				4841969860CCFD9EAEB19E3F /* [CP] Check Pods Manifest.lock */,
				B50F936F1D8A396800742FA0 /* Sources */,
				B50F93701D8A396800742FA0 /* Frameworks */,
				B50F93711D8A396800742FA0 /* Resources */,
				83E05AD5983812BDE89F17BE /* [CP] Embed Pods Frameworks */,
				75101799C7F8EA7C359208BA /* [CP] Copy Pods Resources */,
			);
			buildRules = (
			);
			dependencies = (
			);
			name = Memo;
			productName = Memo;
			productReference = B50F93731D8A396800742FA0 /* Memo.app */;
			productType = "com.apple.product-type.application";
		};
		B50F93861D8A396800742FA0 /* MemoTests */ = {
			isa = PBXNativeTarget;
			buildConfigurationList = B50F939E1D8A396800742FA0 /* Build configuration list for PBXNativeTarget "MemoTests" */;
			buildPhases = (
				214D4DC4B1B81BBD8CBCE64F /* [CP] Check Pods Manifest.lock */,
				B50F93831D8A396800742FA0 /* Sources */,
				B50F93841D8A396800742FA0 /* Frameworks */,
				B50F93851D8A396800742FA0 /* Resources */,
				87365670CC5BC321713AA025 /* [CP] Embed Pods Frameworks */,
				E56907DBC4743DB1946FD507 /* [CP] Copy Pods Resources */,
			);
			buildRules = (
			);
			dependencies = (
				B50F93891D8A396800742FA0 /* PBXTargetDependency */,
			);
			name = MemoTests;
			productName = MemoTests;
			productReference = B50F93871D8A396800742FA0 /* MemoTests.xctest */;
			productType = "com.apple.product-type.bundle.unit-test";
		};
		B50F93911D8A396800742FA0 /* MemoUITests */ = {
			isa = PBXNativeTarget;
			buildConfigurationList = B50F93A11D8A396800742FA0 /* Build configuration list for PBXNativeTarget "MemoUITests" */;
			buildPhases = (
				08E2B58CB2A147BAB908C7F2 /* [CP] Check Pods Manifest.lock */,
				B50F938E1D8A396800742FA0 /* Sources */,
				B50F938F1D8A396800742FA0 /* Frameworks */,
				B50F93901D8A396800742FA0 /* Resources */,
				9B72257A622FC01E6CF71DEB /* [CP] Copy Pods Resources */,
			);
			buildRules = (
			);
			dependencies = (
				B50F93941D8A396800742FA0 /* PBXTargetDependency */,
			);
			name = MemoUITests;
			productName = MemoUITests;
			productReference = B50F93921D8A396800742FA0 /* MemoUITests.xctest */;
			productType = "com.apple.product-type.bundle.ui-testing";
		};
/* End PBXNativeTarget section */

/* Begin PBXProject section */
		B50F936B1D8A396800742FA0 /* Project object */ = {
			isa = PBXProject;
			attributes = {
				LastSwiftUpdateCheck = 0730;
				LastUpgradeCheck = 0730;
				ORGANIZATIONNAME = azen;
				TargetAttributes = {
					B50F93721D8A396800742FA0 = {
						CreatedOnToolsVersion = 7.3.1;
					};
					B50F93861D8A396800742FA0 = {
						CreatedOnToolsVersion = 7.3.1;
						TestTargetID = B50F93721D8A396800742FA0;
					};
					B50F93911D8A396800742FA0 = {
						CreatedOnToolsVersion = 7.3.1;
						TestTargetID = B50F93721D8A396800742FA0;
					};
				};
			};
			buildConfigurationList = B50F936E1D8A396800742FA0 /* Build configuration list for PBXProject "Memo" */;
			compatibilityVersion = "Xcode 3.2";
			developmentRegion = English;
			hasScannedForEncodings = 0;
			knownRegions = (
				en,
				Base,
			);
			mainGroup = B50F936A1D8A396800742FA0;
			productRefGroup = B50F93741D8A396800742FA0 /* Products */;
			projectDirPath = "";
			projectRoot = "";
			targets = (
				B50F93721D8A396800742FA0 /* Memo */,
				B50F93861D8A396800742FA0 /* MemoTests */,
				B50F93911D8A396800742FA0 /* MemoUITests */,
			);
		};
/* End PBXProject section */

/* Begin PBXResourcesBuildPhase section */
		B50F93711D8A396800742FA0 /* Resources */ = {
			isa = PBXResourcesBuildPhase;
			buildActionMask = 2147483647;
			files = (
				B50F93811D8A396800742FA0 /* LaunchScreen.storyboard in Resources */,
				B50F937E1D8A396800742FA0 /* Assets.xcassets in Resources */,
			);
			runOnlyForDeploymentPostprocessing = 0;
		};
		B50F93851D8A396800742FA0 /* Resources */ = {
			isa = PBXResourcesBuildPhase;
			buildActionMask = 2147483647;
			files = (
			);
			runOnlyForDeploymentPostprocessing = 0;
		};
		B50F93901D8A396800742FA0 /* Resources */ = {
			isa = PBXResourcesBuildPhase;
			buildActionMask = 2147483647;
			files = (
			);
			runOnlyForDeploymentPostprocessing = 0;
		};
/* End PBXResourcesBuildPhase section */

/* Begin PBXShellScriptBuildPhase section */
		08E2B58CB2A147BAB908C7F2 /* [CP] Check Pods Manifest.lock */ = {
			isa = PBXShellScriptBuildPhase;
			buildActionMask = 2147483647;
			files = (
			);
			inputPaths = (
			);
			name = "[CP] Check Pods Manifest.lock";
			outputPaths = (
			);
			runOnlyForDeploymentPostprocessing = 0;
			shellPath = /bin/sh;
			shellScript = "diff \"${PODS_ROOT}/../Podfile.lock\" \"${PODS_ROOT}/Manifest.lock\" > /dev/null\nif [[ $? != 0 ]] ; then\n    cat << EOM\nerror: The sandbox is not in sync with the Podfile.lock. Run 'pod install' or update your CocoaPods installation.\nEOM\n    exit 1\nfi\n";
			showEnvVarsInLog = 0;
		};
		214D4DC4B1B81BBD8CBCE64F /* [CP] Check Pods Manifest.lock */ = {
			isa = PBXShellScriptBuildPhase;
			buildActionMask = 2147483647;
			files = (
			);
			inputPaths = (
			);
			name = "[CP] Check Pods Manifest.lock";
			outputPaths = (
			);
			runOnlyForDeploymentPostprocessing = 0;
			shellPath = /bin/sh;
			shellScript = "diff \"${PODS_ROOT}/../Podfile.lock\" \"${PODS_ROOT}/Manifest.lock\" > /dev/null\nif [[ $? != 0 ]] ; then\n    cat << EOM\nerror: The sandbox is not in sync with the Podfile.lock. Run 'pod install' or update your CocoaPods installation.\nEOM\n    exit 1\nfi\n";
			showEnvVarsInLog = 0;
		};
		4841969860CCFD9EAEB19E3F /* [CP] Check Pods Manifest.lock */ = {
			isa = PBXShellScriptBuildPhase;
			buildActionMask = 2147483647;
			files = (
			);
			inputPaths = (
			);
			name = "[CP] Check Pods Manifest.lock";
			outputPaths = (
			);
			runOnlyForDeploymentPostprocessing = 0;
			shellPath = /bin/sh;
			shellScript = "diff \"${PODS_ROOT}/../Podfile.lock\" \"${PODS_ROOT}/Manifest.lock\" > /dev/null\nif [[ $? != 0 ]] ; then\n    cat << EOM\nerror: The sandbox is not in sync with the Podfile.lock. Run 'pod install' or update your CocoaPods installation.\nEOM\n    exit 1\nfi\n";
			showEnvVarsInLog = 0;
		};
		75101799C7F8EA7C359208BA /* [CP] Copy Pods Resources */ = {
			isa = PBXShellScriptBuildPhase;
			buildActionMask = 2147483647;
			files = (
			);
			inputPaths = (
			);
			name = "[CP] Copy Pods Resources";
			outputPaths = (
			);
			runOnlyForDeploymentPostprocessing = 0;
			shellPath = /bin/sh;
			shellScript = "\"${SRCROOT}/Pods/Target Support Files/Pods-Memo/Pods-Memo-resources.sh\"\n";
			showEnvVarsInLog = 0;
		};
		83E05AD5983812BDE89F17BE /* [CP] Embed Pods Frameworks */ = {
			isa = PBXShellScriptBuildPhase;
			buildActionMask = 2147483647;
			files = (
			);
			inputPaths = (
			);
			name = "[CP] Embed Pods Frameworks";
			outputPaths = (
			);
			runOnlyForDeploymentPostprocessing = 0;
			shellPath = /bin/sh;
			shellScript = "\"${SRCROOT}/Pods/Target Support Files/Pods-Memo/Pods-Memo-frameworks.sh\"\n";
			showEnvVarsInLog = 0;
		};
		87365670CC5BC321713AA025 /* [CP] Embed Pods Frameworks */ = {
			isa = PBXShellScriptBuildPhase;
			buildActionMask = 2147483647;
			files = (
			);
			inputPaths = (
			);
			name = "[CP] Embed Pods Frameworks";
			outputPaths = (
			);
			runOnlyForDeploymentPostprocessing = 0;
			shellPath = /bin/sh;
			shellScript = "\"${SRCROOT}/Pods/Target Support Files/Pods-MemoTests/Pods-MemoTests-frameworks.sh\"\n";
			showEnvVarsInLog = 0;
		};
		9B72257A622FC01E6CF71DEB /* [CP] Copy Pods Resources */ = {
			isa = PBXShellScriptBuildPhase;
			buildActionMask = 2147483647;
			files = (
			);
			inputPaths = (
			);
			name = "[CP] Copy Pods Resources";
			outputPaths = (
			);
			runOnlyForDeploymentPostprocessing = 0;
			shellPath = /bin/sh;
			shellScript = "\"${SRCROOT}/Pods/Target Support Files/Pods-MemoUITests/Pods-MemoUITests-resources.sh\"\n";
			showEnvVarsInLog = 0;
		};
		E56907DBC4743DB1946FD507 /* [CP] Copy Pods Resources */ = {
			isa = PBXShellScriptBuildPhase;
			buildActionMask = 2147483647;
			files = (
			);
			inputPaths = (
			);
			name = "[CP] Copy Pods Resources";
			outputPaths = (
			);
			runOnlyForDeploymentPostprocessing = 0;
			shellPath = /bin/sh;
			shellScript = "\"${SRCROOT}/Pods/Target Support Files/Pods-MemoTests/Pods-MemoTests-resources.sh\"\n";
			showEnvVarsInLog = 0;
		};
/* End PBXShellScriptBuildPhase section */

/* Begin PBXSourcesBuildPhase section */
		B50F936F1D8A396800742FA0 /* Sources */ = {
			isa = PBXSourcesBuildPhase;
			buildActionMask = 2147483647;
			files = (
				B5EFB8621D8A41BC00BF1F9B /* NSObject+Stec.swift in Sources */,
				B5EFB8851D8A451500BF1F9B /* UITableView+Smart.swift in Sources */,
				B5EFB8781D8A448A00BF1F9B /* KeyboardMan.swift in Sources */,
				B5EFB8881D8A451500BF1F9B /* UIView+Smart.swift in Sources */,
				B5EFB85D1D8A41BC00BF1F9B /* CGFloat+Stec.swift in Sources */,
				B5EFB86E1D8A41BC00BF1F9B /* UINavigationBar+Stec.swift in Sources */,
				B5EFB8721D8A41BC00BF1F9B /* UIView+Stec.swift in Sources */,
				B5EFB86F1D8A41BC00BF1F9B /* UIScrollView+Stec.swift in Sources */,
				B5EFB8701D8A41BC00BF1F9B /* UITabBar+Stec.swift in Sources */,
				B5EFB8841D8A451500BF1F9B /* UIButton+Smart.swift in Sources */,
				B5EFB83F1D8A416A00BF1F9B /* AttributeStringMaker.swift in Sources */,
				B5EFB8861D8A451500BF1F9B /* String+Smart.swift in Sources */,
				B5EFB87A1D8A44A000BF1F9B /* Async.swift in Sources */,
				B5EFB85E1D8A41BC00BF1F9B /* Int64+Stec.swift in Sources */,
				B5EFB86D1D8A41BC00BF1F9B /* UILabel+Stec.swift in Sources */,
				B5EFB87C1D8A44B700BF1F9B /* Reachability.swift in Sources */,
				B5EFB8651D8A41BC00BF1F9B /* String+Stec.swift in Sources */,
				B5EFB8871D8A451500BF1F9B /* UIColor+Smart.swift in Sources */,
				B50F93A91D8A3A1500742FA0 /* AppDelegate.swift in Sources */,
				B5EFB86C1D8A41BC00BF1F9B /* UIImageView+Stec.swift in Sources */,
				B5EFB8731D8A41BC00BF1F9B /* UIViewcontroller+Stec.swift in Sources */,
				B5EFB86B1D8A41BC00BF1F9B /* UIImage+Stec.swift in Sources */,
				B5EFB8611D8A41BC00BF1F9B /* NSDate+Stec.swift in Sources */,
				B50F93791D8A396800742FA0 /* ViewController.swift in Sources */,
				B5EFB85B1D8A41BC00BF1F9B /* Array+Stec.swift in Sources */,
				B5EFB8661D8A41BC00BF1F9B /* String+Value.swift in Sources */,
				B5EFB85C1D8A41BC00BF1F9B /* CALayer+Stec.swift in Sources */,
				B5EFB8641D8A41BC00BF1F9B /* String+FileExtension.swift in Sources */,
				B5EFB83D1D8A415900BF1F9B /* BaseViewController.swift in Sources */,
				B5EFB8681D8A41BC00BF1F9B /* UICollectionView+Stec.swift in Sources */,
				B5EFB88A1D8A476B00BF1F9B /* SmartTask.swift in Sources */,
			);
			runOnlyForDeploymentPostprocessing = 0;
		};
		B50F93831D8A396800742FA0 /* Sources */ = {
			isa = PBXSourcesBuildPhase;
			buildActionMask = 2147483647;
			files = (
				B50F938C1D8A396800742FA0 /* MemoTests.swift in Sources */,
			);
			runOnlyForDeploymentPostprocessing = 0;
		};
		B50F938E1D8A396800742FA0 /* Sources */ = {
			isa = PBXSourcesBuildPhase;
			buildActionMask = 2147483647;
			files = (
				B50F93971D8A396800742FA0 /* MemoUITests.swift in Sources */,
			);
			runOnlyForDeploymentPostprocessing = 0;
		};
/* End PBXSourcesBuildPhase section */

/* Begin PBXTargetDependency section */
		B50F93891D8A396800742FA0 /* PBXTargetDependency */ = {
			isa = PBXTargetDependency;
			target = B50F93721D8A396800742FA0 /* Memo */;
			targetProxy = B50F93881D8A396800742FA0 /* PBXContainerItemProxy */;
		};
		B50F93941D8A396800742FA0 /* PBXTargetDependency */ = {
			isa = PBXTargetDependency;
			target = B50F93721D8A396800742FA0 /* Memo */;
			targetProxy = B50F93931D8A396800742FA0 /* PBXContainerItemProxy */;
		};
/* End PBXTargetDependency section */

/* Begin PBXVariantGroup section */
		B50F937F1D8A396800742FA0 /* LaunchScreen.storyboard */ = {
			isa = PBXVariantGroup;
			children = (
				B50F93801D8A396800742FA0 /* Base */,
			);
			name = LaunchScreen.storyboard;
			sourceTree = "<group>";
		};
/* End PBXVariantGroup section */

/* Begin XCBuildConfiguration section */
		B50F93991D8A396800742FA0 /* Debug */ = {
			isa = XCBuildConfiguration;
			buildSettings = {
				ALWAYS_SEARCH_USER_PATHS = NO;
				CLANG_ANALYZER_NONNULL = YES;
				CLANG_CXX_LANGUAGE_STANDARD = "gnu++0x";
				CLANG_CXX_LIBRARY = "libc++";
				CLANG_ENABLE_MODULES = YES;
				CLANG_ENABLE_OBJC_ARC = YES;
				CLANG_WARN_BOOL_CONVERSION = YES;
				CLANG_WARN_CONSTANT_CONVERSION = YES;
				CLANG_WARN_DIRECT_OBJC_ISA_USAGE = YES_ERROR;
				CLANG_WARN_EMPTY_BODY = YES;
				CLANG_WARN_ENUM_CONVERSION = YES;
				CLANG_WARN_INT_CONVERSION = YES;
				CLANG_WARN_OBJC_ROOT_CLASS = YES_ERROR;
				CLANG_WARN_UNREACHABLE_CODE = YES;
				CLANG_WARN__DUPLICATE_METHOD_MATCH = YES;
				"CODE_SIGN_IDENTITY[sdk=iphoneos*]" = "iPhone Developer";
				COPY_PHASE_STRIP = NO;
				DEBUG_INFORMATION_FORMAT = dwarf;
				ENABLE_STRICT_OBJC_MSGSEND = YES;
				ENABLE_TESTABILITY = YES;
				GCC_C_LANGUAGE_STANDARD = gnu99;
				GCC_DYNAMIC_NO_PIC = NO;
				GCC_NO_COMMON_BLOCKS = YES;
				GCC_OPTIMIZATION_LEVEL = 0;
				GCC_PREPROCESSOR_DEFINITIONS = (
					"DEBUG=1",
					"$(inherited)",
				);
				GCC_WARN_64_TO_32_BIT_CONVERSION = YES;
				GCC_WARN_ABOUT_RETURN_TYPE = YES_ERROR;
				GCC_WARN_UNDECLARED_SELECTOR = YES;
				GCC_WARN_UNINITIALIZED_AUTOS = YES_AGGRESSIVE;
				GCC_WARN_UNUSED_FUNCTION = YES;
				GCC_WARN_UNUSED_VARIABLE = YES;
				IPHONEOS_DEPLOYMENT_TARGET = 9.3;
				MTL_ENABLE_DEBUG_INFO = YES;
				ONLY_ACTIVE_ARCH = YES;
				SDKROOT = iphoneos;
				SWIFT_OPTIMIZATION_LEVEL = "-Onone";
			};
			name = Debug;
		};
		B50F939A1D8A396800742FA0 /* Release */ = {
			isa = XCBuildConfiguration;
			buildSettings = {
				ALWAYS_SEARCH_USER_PATHS = NO;
				CLANG_ANALYZER_NONNULL = YES;
				CLANG_CXX_LANGUAGE_STANDARD = "gnu++0x";
				CLANG_CXX_LIBRARY = "libc++";
				CLANG_ENABLE_MODULES = YES;
				CLANG_ENABLE_OBJC_ARC = YES;
				CLANG_WARN_BOOL_CONVERSION = YES;
				CLANG_WARN_CONSTANT_CONVERSION = YES;
				CLANG_WARN_DIRECT_OBJC_ISA_USAGE = YES_ERROR;
				CLANG_WARN_EMPTY_BODY = YES;
				CLANG_WARN_ENUM_CONVERSION = YES;
				CLANG_WARN_INT_CONVERSION = YES;
				CLANG_WARN_OBJC_ROOT_CLASS = YES_ERROR;
				CLANG_WARN_UNREACHABLE_CODE = YES;
				CLANG_WARN__DUPLICATE_METHOD_MATCH = YES;
				"CODE_SIGN_IDENTITY[sdk=iphoneos*]" = "iPhone Developer";
				COPY_PHASE_STRIP = NO;
				DEBUG_INFORMATION_FORMAT = "dwarf-with-dsym";
				ENABLE_NS_ASSERTIONS = NO;
				ENABLE_STRICT_OBJC_MSGSEND = YES;
				GCC_C_LANGUAGE_STANDARD = gnu99;
				GCC_NO_COMMON_BLOCKS = YES;
				GCC_WARN_64_TO_32_BIT_CONVERSION = YES;
				GCC_WARN_ABOUT_RETURN_TYPE = YES_ERROR;
				GCC_WARN_UNDECLARED_SELECTOR = YES;
				GCC_WARN_UNINITIALIZED_AUTOS = YES_AGGRESSIVE;
				GCC_WARN_UNUSED_FUNCTION = YES;
				GCC_WARN_UNUSED_VARIABLE = YES;
				IPHONEOS_DEPLOYMENT_TARGET = 9.3;
				MTL_ENABLE_DEBUG_INFO = NO;
				SDKROOT = iphoneos;
				VALIDATE_PRODUCT = YES;
			};
			name = Release;
		};
		B50F939C1D8A396800742FA0 /* Debug */ = {
			isa = XCBuildConfiguration;
			baseConfigurationReference = EA8F85C20155838940AEC717 /* Pods-Memo.debug.xcconfig */;
			buildSettings = {
				ASSETCATALOG_COMPILER_APPICON_NAME = AppIcon;
				INFOPLIST_FILE = Memo/Info.plist;
				IPHONEOS_DEPLOYMENT_TARGET = 8.0;
				LD_RUNPATH_SEARCH_PATHS = "$(inherited) @executable_path/Frameworks";
				PRODUCT_BUNDLE_IDENTIFIER = com.azen.Memo;
				PRODUCT_NAME = "$(TARGET_NAME)";
			};
			name = Debug;
		};
		B50F939D1D8A396800742FA0 /* Release */ = {
			isa = XCBuildConfiguration;
			baseConfigurationReference = BE58B5699B223BFB8DDCFC08 /* Pods-Memo.release.xcconfig */;
			buildSettings = {
				ASSETCATALOG_COMPILER_APPICON_NAME = AppIcon;
				INFOPLIST_FILE = Memo/Info.plist;
				IPHONEOS_DEPLOYMENT_TARGET = 8.0;
				LD_RUNPATH_SEARCH_PATHS = "$(inherited) @executable_path/Frameworks";
				PRODUCT_BUNDLE_IDENTIFIER = com.azen.Memo;
				PRODUCT_NAME = "$(TARGET_NAME)";
			};
			name = Release;
		};
		B50F939F1D8A396800742FA0 /* Debug */ = {
			isa = XCBuildConfiguration;
			baseConfigurationReference = D3A0FECFF33F493138E8451B /* Pods-MemoTests.debug.xcconfig */;
			buildSettings = {
				BUNDLE_LOADER = "$(TEST_HOST)";
				INFOPLIST_FILE = MemoTests/Info.plist;
				LD_RUNPATH_SEARCH_PATHS = "$(inherited) @executable_path/Frameworks @loader_path/Frameworks";
				PRODUCT_BUNDLE_IDENTIFIER = com.azen.MemoTests;
				PRODUCT_NAME = "$(TARGET_NAME)";
				TEST_HOST = "$(BUILT_PRODUCTS_DIR)/Memo.app/Memo";
			};
			name = Debug;
		};
		B50F93A01D8A396800742FA0 /* Release */ = {
			isa = XCBuildConfiguration;
			baseConfigurationReference = 6765DC0948BF38A212F5FCCC /* Pods-MemoTests.release.xcconfig */;
			buildSettings = {
				BUNDLE_LOADER = "$(TEST_HOST)";
				INFOPLIST_FILE = MemoTests/Info.plist;
				LD_RUNPATH_SEARCH_PATHS = "$(inherited) @executable_path/Frameworks @loader_path/Frameworks";
				PRODUCT_BUNDLE_IDENTIFIER = com.azen.MemoTests;
				PRODUCT_NAME = "$(TARGET_NAME)";
				TEST_HOST = "$(BUILT_PRODUCTS_DIR)/Memo.app/Memo";
			};
			name = Release;
		};
		B50F93A21D8A396800742FA0 /* Debug */ = {
			isa = XCBuildConfiguration;
			baseConfigurationReference = B74E746882D538C4C4F301CE /* Pods-MemoUITests.debug.xcconfig */;
			buildSettings = {
				INFOPLIST_FILE = MemoUITests/Info.plist;
				LD_RUNPATH_SEARCH_PATHS = "$(inherited) @executable_path/Frameworks @loader_path/Frameworks";
				PRODUCT_BUNDLE_IDENTIFIER = com.azen.MemoUITests;
				PRODUCT_NAME = "$(TARGET_NAME)";
				TEST_TARGET_NAME = Memo;
			};
			name = Debug;
		};
		B50F93A31D8A396800742FA0 /* Release */ = {
			isa = XCBuildConfiguration;
			baseConfigurationReference = FF9A33DDBD0538B06B6CDA84 /* Pods-MemoUITests.release.xcconfig */;
			buildSettings = {
				INFOPLIST_FILE = MemoUITests/Info.plist;
				LD_RUNPATH_SEARCH_PATHS = "$(inherited) @executable_path/Frameworks @loader_path/Frameworks";
				PRODUCT_BUNDLE_IDENTIFIER = com.azen.MemoUITests;
				PRODUCT_NAME = "$(TARGET_NAME)";
				TEST_TARGET_NAME = Memo;
			};
			name = Release;
		};
/* End XCBuildConfiguration section */

/* Begin XCConfigurationList section */
		B50F936E1D8A396800742FA0 /* Build configuration list for PBXProject "Memo" */ = {
			isa = XCConfigurationList;
			buildConfigurations = (
				B50F93991D8A396800742FA0 /* Debug */,
				B50F939A1D8A396800742FA0 /* Release */,
			);
			defaultConfigurationIsVisible = 0;
			defaultConfigurationName = Release;
		};
		B50F939B1D8A396800742FA0 /* Build configuration list for PBXNativeTarget "Memo" */ = {
			isa = XCConfigurationList;
			buildConfigurations = (
				B50F939C1D8A396800742FA0 /* Debug */,
				B50F939D1D8A396800742FA0 /* Release */,
			);
			defaultConfigurationIsVisible = 0;
			defaultConfigurationName = Release;
		};
		B50F939E1D8A396800742FA0 /* Build configuration list for PBXNativeTarget "MemoTests" */ = {
			isa = XCConfigurationList;
			buildConfigurations = (
				B50F939F1D8A396800742FA0 /* Debug */,
				B50F93A01D8A396800742FA0 /* Release */,
			);
			defaultConfigurationIsVisible = 0;
			defaultConfigurationName = Release;
		};
		B50F93A11D8A396800742FA0 /* Build configuration list for PBXNativeTarget "MemoUITests" */ = {
			isa = XCConfigurationList;
			buildConfigurations = (
				B50F93A21D8A396800742FA0 /* Debug */,
				B50F93A31D8A396800742FA0 /* Release */,
			);
			defaultConfigurationIsVisible = 0;
			defaultConfigurationName = Release;
		};
/* End XCConfigurationList section */
	};
	rootObject = B50F936B1D8A396800742FA0 /* Project object */;
}
